<Solution>
  <Configurations>
    <Platform Name="x86" />
  </Configurations>
  <Project Path="NiAnimation/NiAnimation.vcxproj" Id="d5edd46b-186c-4d10-9616-758ee76559a3" />
  <Project Path="NiAudio/NiAudio.vcxproj" Id="86808e8e-459f-45f2-920a-d605381be6de" />
  <Project Path="NiCollision/NiCollision.vcxproj" Id="b9f3d32f-9786-481a-b49d-2ddad75839cb" />
  <Project Path="NiDX10Renderer/NiDX10Renderer.vcxproj" Id="2bf319a4-6c61-41b3-bb20-aa502a923733" />
  <Project Path="NiDX9Renderer/NiDX9Renderer.vcxproj" Id="16faec7b-aed9-412c-a295-d64d9fe95857" />
  <Project Path="NiFloodgate/NiFloodgate.vcxproj" Id="c19a9a92-ed03-4835-8885-966cd3cfe0e7" />
  <Project Path="NiMain/NiMain.vcxproj" Id="ed638d56-93d9-409f-ac86-1622f3361640" />
  <Project Path="NiMesh/NiMesh.vcxproj" Id="7b19e8e7-4bd4-4a5a-9dc7-10f3886a7cfd" />
  <Project Path="NiParticle/NiParticle.vcxproj" Id="833d13d0-e286-42e7-9a7d-b5bd5396f480" />
  <Project Path="NiPortal/NiPortal.vcxproj" Id="ea714416-b278-4528-ae85-7f59e9a0fec3" />
  <Project Path="NiSystem/NiSystem.vcxproj" Id="5358ade4-6c2f-43b1-a4ef-899f4c2fa7f7" />
</Solution>
