<?xml version="1.0" encoding="utf-8"?>
<Project ToolsVersion="4.0" xmlns="http://schemas.microsoft.com/developer/msbuild/2003">
  <ItemGroup>
    <Filter Include="Source Files">
      <UniqueIdentifier>{4FC737F1-C7A5-4376-A066-2A32D752A2FF}</UniqueIdentifier>
      <Extensions>cpp;c;cc;cxx;c++;cppm;ixx;def;odl;idl;hpj;bat;asm;asmx</Extensions>
    </Filter>
    <Filter Include="Header Files">
      <UniqueIdentifier>{93995380-89BD-4b04-88EB-625FBE52EBFB}</UniqueIdentifier>
      <Extensions>h;hh;hpp;hxx;h++;hm;inl;inc;ipp;xsd</Extensions>
    </Filter>
    <Filter Include="Resource Files">
      <UniqueIdentifier>{67DA6AB6-F800-4c08-8B7A-83BB121AAD01}</UniqueIdentifier>
      <Extensions>rc;ico;cur;bmp;dlg;rc2;rct;bin;rgs;gif;jpg;jpeg;jpe;resx;tiff;tif;png;wav;mfcribbon-ms</Extensions>
    </Filter>
  </ItemGroup>
  <ItemGroup>
    <ClCompile Include="NiActorManager.cpp">
      <Filter>Source Files</Filter>
    </ClCompile>
    <ClCompile Include="NiAlphaController.cpp">
      <Filter>Source Files</Filter>
    </ClCompile>
    <ClCompile Include="NiAnimationConstants.cpp">
      <Filter>Source Files</Filter>
    </ClCompile>
    <ClCompile Include="NiAnimationKey.cpp">
      <Filter>Source Files</Filter>
    </ClCompile>
    <ClCompile Include="NiAnimationMetrics.cpp">
      <Filter>Source Files</Filter>
    </ClCompile>
    <ClCompile Include="NiAnimationPCH.cpp">
      <Filter>Source Files</Filter>
    </ClCompile>
    <ClCompile Include="NiAnimationSDM.cpp">
      <Filter>Source Files</Filter>
    </ClCompile>
    <ClCompile Include="NiBezFloatKey.cpp">
      <Filter>Source Files</Filter>
    </ClCompile>
    <ClCompile Include="NiBezPosKey.cpp">
      <Filter>Source Files</Filter>
    </ClCompile>
    <ClCompile Include="NiBezRotKey.cpp">
      <Filter>Source Files</Filter>
    </ClCompile>
    <ClCompile Include="NiBlendBoolInterpolator.cpp">
      <Filter>Source Files</Filter>
    </ClCompile>
    <ClCompile Include="NiBlendColorInterpolator.cpp">
      <Filter>Source Files</Filter>
    </ClCompile>
    <ClCompile Include="NiBlendFloatInterpolator.cpp">
      <Filter>Source Files</Filter>
    </ClCompile>
    <ClCompile Include="NiBlendInterpolator.cpp">
      <Filter>Source Files</Filter>
    </ClCompile>
    <ClCompile Include="NiBlendPoint3Interpolator.cpp">
      <Filter>Source Files</Filter>
    </ClCompile>
    <ClCompile Include="NiBlendQuaternionInterpolator.cpp">
      <Filter>Source Files</Filter>
    </ClCompile>
    <ClCompile Include="NiBlendTransformInterpolator.cpp">
      <Filter>Source Files</Filter>
    </ClCompile>
    <ClCompile Include="NiBoneLODController.cpp">
      <Filter>Source Files</Filter>
    </ClCompile>
    <ClCompile Include="NiBoolData.cpp">
      <Filter>Source Files</Filter>
    </ClCompile>
    <ClCompile Include="NiBoolEvaluator.cpp">
      <Filter>Source Files</Filter>
    </ClCompile>
    <ClCompile Include="NiBoolInterpController.cpp">
      <Filter>Source Files</Filter>
    </ClCompile>
    <ClCompile Include="NiBoolInterpolator.cpp">
      <Filter>Source Files</Filter>
    </ClCompile>
    <ClCompile Include="NiBoolKey.cpp">
      <Filter>Source Files</Filter>
    </ClCompile>
    <ClCompile Include="NiBoolTimelineEvaluator.cpp">
      <Filter>Source Files</Filter>
    </ClCompile>
    <ClCompile Include="NiBoolTimelineInterpolator.cpp">
      <Filter>Source Files</Filter>
    </ClCompile>
    <ClCompile Include="NiBSplineBasisData.cpp">
      <Filter>Source Files</Filter>
    </ClCompile>
    <ClCompile Include="NiBSplineColorEvaluator.cpp">
      <Filter>Source Files</Filter>
    </ClCompile>
    <ClCompile Include="NiBSplineColorInterpolator.cpp">
      <Filter>Source Files</Filter>
    </ClCompile>
    <ClCompile Include="NiBSplineCompColorEvaluator.cpp">
      <Filter>Source Files</Filter>
    </ClCompile>
    <ClCompile Include="NiBSplineCompColorInterpolator.cpp">
      <Filter>Source Files</Filter>
    </ClCompile>
    <ClCompile Include="NiBSplineCompFloatEvaluator.cpp">
      <Filter>Source Files</Filter>
    </ClCompile>
    <ClCompile Include="NiBSplineCompFloatInterpolator.cpp">
      <Filter>Source Files</Filter>
    </ClCompile>
    <ClCompile Include="NiBSplineCompPoint3Evaluator.cpp">
      <Filter>Source Files</Filter>
    </ClCompile>
    <ClCompile Include="NiBSplineCompPoint3Interpolator.cpp">
      <Filter>Source Files</Filter>
    </ClCompile>
    <ClCompile Include="NiBSplineCompTransformEvaluator.cpp">
      <Filter>Source Files</Filter>
    </ClCompile>
    <ClCompile Include="NiBSplineCompTransformInterpolator.cpp">
      <Filter>Source Files</Filter>
    </ClCompile>
    <ClCompile Include="NiBSplineData.cpp">
      <Filter>Source Files</Filter>
    </ClCompile>
    <ClCompile Include="NiBSplineEvaluator.cpp">
      <Filter>Source Files</Filter>
    </ClCompile>
    <ClCompile Include="NiBSplineFloatEvaluator.cpp">
      <Filter>Source Files</Filter>
    </ClCompile>
    <ClCompile Include="NiBSplineFloatInterpolator.cpp">
      <Filter>Source Files</Filter>
    </ClCompile>
    <ClCompile Include="NiBSplineInterpolator.cpp">
      <Filter>Source Files</Filter>
    </ClCompile>
    <ClCompile Include="NiBSplinePoint3Evaluator.cpp">
      <Filter>Source Files</Filter>
    </ClCompile>
    <ClCompile Include="NiBSplinePoint3Interpolator.cpp">
      <Filter>Source Files</Filter>
    </ClCompile>
    <ClCompile Include="NiBSplineTransformEvaluator.cpp">
      <Filter>Source Files</Filter>
    </ClCompile>
    <ClCompile Include="NiBSplineTransformInterpolator.cpp">
      <Filter>Source Files</Filter>
    </ClCompile>
    <ClCompile Include="NiColorData.cpp">
      <Filter>Source Files</Filter>
    </ClCompile>
    <ClCompile Include="NiColorEvaluator.cpp">
      <Filter>Source Files</Filter>
    </ClCompile>
    <ClCompile Include="NiColorExtraDataController.cpp">
      <Filter>Source Files</Filter>
    </ClCompile>
    <ClCompile Include="NiColorInterpController.cpp">
      <Filter>Source Files</Filter>
    </ClCompile>
    <ClCompile Include="NiColorInterpolator.cpp">
      <Filter>Source Files</Filter>
    </ClCompile>
    <ClCompile Include="NiColorKey.cpp">
      <Filter>Source Files</Filter>
    </ClCompile>
    <ClCompile Include="NiConstBoolEvaluator.cpp">
      <Filter>Source Files</Filter>
    </ClCompile>
    <ClCompile Include="NiConstColorEvaluator.cpp">
      <Filter>Source Files</Filter>
    </ClCompile>
    <ClCompile Include="NiConstFloatEvaluator.cpp">
      <Filter>Source Files</Filter>
    </ClCompile>
    <ClCompile Include="NiConstPoint3Evaluator.cpp">
      <Filter>Source Files</Filter>
    </ClCompile>
    <ClCompile Include="NiConstQuaternionEvaluator.cpp">
      <Filter>Source Files</Filter>
    </ClCompile>
    <ClCompile Include="NiConstTransformEvaluator.cpp">
      <Filter>Source Files</Filter>
    </ClCompile>
    <ClCompile Include="NiControllerManager.cpp">
      <Filter>Source Files</Filter>
    </ClCompile>
    <ClCompile Include="NiControllerSequence.cpp">
      <Filter>Source Files</Filter>
    </ClCompile>
    <ClCompile Include="NiEulerRotKey.cpp">
      <Filter>Source Files</Filter>
    </ClCompile>
    <ClCompile Include="NiEvaluator.cpp">
      <Filter>Source Files</Filter>
    </ClCompile>
    <ClCompile Include="NiEvaluatorSPData.cpp">
      <Filter>Source Files</Filter>
    </ClCompile>
    <ClCompile Include="NiExtraDataController.cpp">
      <Filter>Source Files</Filter>
    </ClCompile>
    <ClCompile Include="NiFlipController.cpp">
      <Filter>Source Files</Filter>
    </ClCompile>
    <ClCompile Include="NiFloatData.cpp">
      <Filter>Source Files</Filter>
    </ClCompile>
    <ClCompile Include="NiFloatEvaluator.cpp">
      <Filter>Source Files</Filter>
    </ClCompile>
    <ClCompile Include="NiFloatExtraDataController.cpp">
      <Filter>Source Files</Filter>
    </ClCompile>
    <ClCompile Include="NiFloatInterpController.cpp">
      <Filter>Source Files</Filter>
    </ClCompile>
    <ClCompile Include="NiFloatInterpolator.cpp">
      <Filter>Source Files</Filter>
    </ClCompile>
    <ClCompile Include="NiFloatKey.cpp">
      <Filter>Source Files</Filter>
    </ClCompile>
    <ClCompile Include="NiFloatsExtraDataController.cpp">
      <Filter>Source Files</Filter>
    </ClCompile>
    <ClCompile Include="NiFloatsExtraDataPoint3Controller.cpp">
      <Filter>Source Files</Filter>
    </ClCompile>
    <ClCompile Include="NiGeomMorpherController.cpp">
      <Filter>Source Files</Filter>
    </ClCompile>
    <ClCompile Include="NiGeomMorpherConverter.cpp">
      <Filter>Source Files</Filter>
    </ClCompile>
    <ClCompile Include="NiInterpController.cpp">
      <Filter>Source Files</Filter>
    </ClCompile>
    <ClCompile Include="NiInterpolator.cpp">
      <Filter>Source Files</Filter>
    </ClCompile>
    <ClCompile Include="NiInterpolatorConverter.cpp">
      <Filter>Source Files</Filter>
    </ClCompile>
    <ClCompile Include="NiInterpScalar.cpp">
      <Filter>Source Files</Filter>
    </ClCompile>
    <ClCompile Include="NiKeyBasedEvaluator.cpp">
      <Filter>Source Files</Filter>
    </ClCompile>
    <ClCompile Include="NiKeyBasedInterpolator.cpp">
      <Filter>Source Files</Filter>
    </ClCompile>
    <ClCompile Include="NiKFMTool.cpp">
      <Filter>Source Files</Filter>
    </ClCompile>
    <ClCompile Include="NiLightColorController.cpp">
      <Filter>Source Files</Filter>
    </ClCompile>
    <ClCompile Include="NiLightDimmerController.cpp">
      <Filter>Source Files</Filter>
    </ClCompile>
    <ClCompile Include="NiLinColorKey.cpp">
      <Filter>Source Files</Filter>
    </ClCompile>
    <ClCompile Include="NiLinFloatKey.cpp">
      <Filter>Source Files</Filter>
    </ClCompile>
    <ClCompile Include="NiLinPosKey.cpp">
      <Filter>Source Files</Filter>
    </ClCompile>
    <ClCompile Include="NiLinRotKey.cpp">
      <Filter>Source Files</Filter>
    </ClCompile>
    <ClCompile Include="NiLookAtEvaluator.cpp">
      <Filter>Source Files</Filter>
    </ClCompile>
    <ClCompile Include="NiLookAtInterpolator.cpp">
      <Filter>Source Files</Filter>
    </ClCompile>
    <ClCompile Include="NiMaterialColorController.cpp">
      <Filter>Source Files</Filter>
    </ClCompile>
    <ClCompile Include="NiMorphData.cpp">
      <Filter>Source Files</Filter>
    </ClCompile>
    <ClCompile Include="NiMorphWeightsController.cpp">
      <Filter>Source Files</Filter>
    </ClCompile>
    <ClCompile Include="NiMultiTargetPoseHandler.cpp">
      <Filter>Source Files</Filter>
    </ClCompile>
    <ClCompile Include="NiMultiTargetTransformController.cpp">
      <Filter>Source Files</Filter>
    </ClCompile>
    <ClCompile Include="NiOldAnimationConverter.cpp">
      <Filter>Source Files</Filter>
    </ClCompile>
    <ClCompile Include="NiPathEvaluator.cpp">
      <Filter>Source Files</Filter>
    </ClCompile>
    <ClCompile Include="NiPathInterpolator.cpp">
      <Filter>Source Files</Filter>
    </ClCompile>
    <ClCompile Include="NiPoint3Evaluator.cpp">
      <Filter>Source Files</Filter>
    </ClCompile>
    <ClCompile Include="NiPoint3InterpController.cpp">
      <Filter>Source Files</Filter>
    </ClCompile>
    <ClCompile Include="NiPoint3Interpolator.cpp">
      <Filter>Source Files</Filter>
    </ClCompile>
    <ClCompile Include="NiPosData.cpp">
      <Filter>Source Files</Filter>
    </ClCompile>
    <ClCompile Include="NiPoseBinding.cpp">
      <Filter>Source Files</Filter>
    </ClCompile>
    <ClCompile Include="NiPoseBlender.cpp">
      <Filter>Source Files</Filter>
    </ClCompile>
    <ClCompile Include="NiPoseBuffer.cpp">
      <Filter>Source Files</Filter>
    </ClCompile>
    <ClCompile Include="NiPosKey.cpp">
      <Filter>Source Files</Filter>
    </ClCompile>
    <ClCompile Include="NiPrimeNumber.cpp">
      <Filter>Source Files</Filter>
    </ClCompile>
    <ClCompile Include="NiQuaternionEvaluator.cpp">
      <Filter>Source Files</Filter>
    </ClCompile>
    <ClCompile Include="NiQuaternionInterpController.cpp">
      <Filter>Source Files</Filter>
    </ClCompile>
    <ClCompile Include="NiQuaternionInterpolator.cpp">
      <Filter>Source Files</Filter>
    </ClCompile>
    <ClCompile Include="NiQuatTransform.cpp">
      <Filter>Source Files</Filter>
    </ClCompile>
    <ClCompile Include="NiRotData.cpp">
      <Filter>Source Files</Filter>
    </ClCompile>
    <ClCompile Include="NiRotKey.cpp">
      <Filter>Source Files</Filter>
    </ClCompile>
    <ClCompile Include="NiScratchPad.cpp">
      <Filter>Source Files</Filter>
    </ClCompile>
    <ClCompile Include="NiSequenceData.cpp">
      <Filter>Source Files</Filter>
    </ClCompile>
    <ClCompile Include="NiSingleInterpController.cpp">
      <Filter>Source Files</Filter>
    </ClCompile>
    <ClCompile Include="NiSkinningLODController.cpp">
      <Filter>Source Files</Filter>
    </ClCompile>
    <ClCompile Include="NiStepBoolKey.cpp">
      <Filter>Source Files</Filter>
    </ClCompile>
    <ClCompile Include="NiStepColorKey.cpp">
      <Filter>Source Files</Filter>
    </ClCompile>
    <ClCompile Include="NiStepFloatKey.cpp">
      <Filter>Source Files</Filter>
    </ClCompile>
    <ClCompile Include="NiStepPosKey.cpp">
      <Filter>Source Files</Filter>
    </ClCompile>
    <ClCompile Include="NiStepRotKey.cpp">
      <Filter>Source Files</Filter>
    </ClCompile>
    <ClCompile Include="NiStringPalette.cpp">
      <Filter>Source Files</Filter>
    </ClCompile>
    <ClCompile Include="NiTCBFloatKey.cpp">
      <Filter>Source Files</Filter>
    </ClCompile>
    <ClCompile Include="NiTCBPosKey.cpp">
      <Filter>Source Files</Filter>
    </ClCompile>
    <ClCompile Include="NiTCBRotKey.cpp">
      <Filter>Source Files</Filter>
    </ClCompile>
    <ClCompile Include="NiTextKey.cpp">
      <Filter>Source Files</Filter>
    </ClCompile>
    <ClCompile Include="NiTextKeyExtraData.cpp">
      <Filter>Source Files</Filter>
    </ClCompile>
    <ClCompile Include="NiTextureTransformController.cpp">
      <Filter>Source Files</Filter>
    </ClCompile>
    <ClCompile Include="NiTransformController.cpp">
      <Filter>Source Files</Filter>
    </ClCompile>
    <ClCompile Include="NiTransformData.cpp">
      <Filter>Source Files</Filter>
    </ClCompile>
    <ClCompile Include="NiTransformEvaluator.cpp">
      <Filter>Source Files</Filter>
    </ClCompile>
    <ClCompile Include="NiTransformInterpolator.cpp">
      <Filter>Source Files</Filter>
    </ClCompile>
    <ClCompile Include="NiVisController.cpp">
      <Filter>Source Files</Filter>
    </ClCompile>
  </ItemGroup>
  <ItemGroup>
    <ClInclude Include="NiActorManager.h">
      <Filter>Header Files</Filter>
    </ClInclude>
    <ClInclude Include="NiAlphaController.h">
      <Filter>Header Files</Filter>
    </ClInclude>
    <ClInclude Include="NiAnimation.h">
      <Filter>Header Files</Filter>
    </ClInclude>
    <ClInclude Include="NiAnimationConstants.h">
      <Filter>Header Files</Filter>
    </ClInclude>
    <ClInclude Include="NiAnimationKey.h">
      <Filter>Header Files</Filter>
    </ClInclude>
    <ClInclude Include="NiAnimationKeyMacros.h">
      <Filter>Header Files</Filter>
    </ClInclude>
    <ClInclude Include="NiAnimationLibType.h">
      <Filter>Header Files</Filter>
    </ClInclude>
    <ClInclude Include="NiAnimationMetrics.h">
      <Filter>Header Files</Filter>
    </ClInclude>
    <ClInclude Include="NiAnimationPCH.h">
      <Filter>Header Files</Filter>
    </ClInclude>
    <ClInclude Include="NiAnimationSDM.h">
      <Filter>Header Files</Filter>
    </ClInclude>
    <ClInclude Include="NiAnimState.h">
      <Filter>Header Files</Filter>
    </ClInclude>
    <ClInclude Include="NiBezFloatKey.h">
      <Filter>Header Files</Filter>
    </ClInclude>
    <ClInclude Include="NiBezPosKey.h">
      <Filter>Header Files</Filter>
    </ClInclude>
    <ClInclude Include="NiBezRotKey.h">
      <Filter>Header Files</Filter>
    </ClInclude>
    <ClInclude Include="NiBlendBoolInterpolator.h">
      <Filter>Header Files</Filter>
    </ClInclude>
    <ClInclude Include="NiBlendColorInterpolator.h">
      <Filter>Header Files</Filter>
    </ClInclude>
    <ClInclude Include="NiBlendFloatInterpolator.h">
      <Filter>Header Files</Filter>
    </ClInclude>
    <ClInclude Include="NiBlendInterpolator.h">
      <Filter>Header Files</Filter>
    </ClInclude>
    <ClInclude Include="NiBlendPoint3Interpolator.h">
      <Filter>Header Files</Filter>
    </ClInclude>
    <ClInclude Include="NiBlendQuaternionInterpolator.h">
      <Filter>Header Files</Filter>
    </ClInclude>
    <ClInclude Include="NiBlendTransformInterpolator.h">
      <Filter>Header Files</Filter>
    </ClInclude>
    <ClInclude Include="NiBoneLODController.h">
      <Filter>Header Files</Filter>
    </ClInclude>
    <ClInclude Include="NiBoolData.h">
      <Filter>Header Files</Filter>
    </ClInclude>
    <ClInclude Include="NiBoolEvaluator.h">
      <Filter>Header Files</Filter>
    </ClInclude>
    <ClInclude Include="NiBoolInterpController.h">
      <Filter>Header Files</Filter>
    </ClInclude>
    <ClInclude Include="NiBoolInterpolator.h">
      <Filter>Header Files</Filter>
    </ClInclude>
    <ClInclude Include="NiBoolKey.h">
      <Filter>Header Files</Filter>
    </ClInclude>
    <ClInclude Include="NiBoolTimelineEvaluator.h">
      <Filter>Header Files</Filter>
    </ClInclude>
    <ClInclude Include="NiBoolTimelineInterpolator.h">
      <Filter>Header Files</Filter>
    </ClInclude>
    <ClInclude Include="NiBSplineBasis.h">
      <Filter>Header Files</Filter>
    </ClInclude>
    <ClInclude Include="NiBSplineBasisData.h">
      <Filter>Header Files</Filter>
    </ClInclude>
    <ClInclude Include="NiBSplineColorEvaluator.h">
      <Filter>Header Files</Filter>
    </ClInclude>
    <ClInclude Include="NiBSplineColorInterpolator.h">
      <Filter>Header Files</Filter>
    </ClInclude>
    <ClInclude Include="NiBSplineCompColorEvaluator.h">
      <Filter>Header Files</Filter>
    </ClInclude>
    <ClInclude Include="NiBSplineCompColorInterpolator.h">
      <Filter>Header Files</Filter>
    </ClInclude>
    <ClInclude Include="NiBSplineCompFloatEvaluator.h">
      <Filter>Header Files</Filter>
    </ClInclude>
    <ClInclude Include="NiBSplineCompFloatInterpolator.h">
      <Filter>Header Files</Filter>
    </ClInclude>
    <ClInclude Include="NiBSplineCompPoint3Evaluator.h">
      <Filter>Header Files</Filter>
    </ClInclude>
    <ClInclude Include="NiBSplineCompPoint3Interpolator.h">
      <Filter>Header Files</Filter>
    </ClInclude>
    <ClInclude Include="NiBSplineCompTransformEvaluator.h">
      <Filter>Header Files</Filter>
    </ClInclude>
    <ClInclude Include="NiBSplineCompTransformInterpolator.h">
      <Filter>Header Files</Filter>
    </ClInclude>
    <ClInclude Include="NiBSplineData.h">
      <Filter>Header Files</Filter>
    </ClInclude>
    <ClInclude Include="NiBSplineEvaluator.h">
      <Filter>Header Files</Filter>
    </ClInclude>
    <ClInclude Include="NiBSplineFit.h">
      <Filter>Header Files</Filter>
    </ClInclude>
    <ClInclude Include="NiBSplineFloatEvaluator.h">
      <Filter>Header Files</Filter>
    </ClInclude>
    <ClInclude Include="NiBSplineFloatInterpolator.h">
      <Filter>Header Files</Filter>
    </ClInclude>
    <ClInclude Include="NiBSplineInterpolator.h">
      <Filter>Header Files</Filter>
    </ClInclude>
    <ClInclude Include="NiBSplinePoint3Evaluator.h">
      <Filter>Header Files</Filter>
    </ClInclude>
    <ClInclude Include="NiBSplinePoint3Interpolator.h">
      <Filter>Header Files</Filter>
    </ClInclude>
    <ClInclude Include="NiBSplineTransformEvaluator.h">
      <Filter>Header Files</Filter>
    </ClInclude>
    <ClInclude Include="NiBSplineTransformInterpolator.h">
      <Filter>Header Files</Filter>
    </ClInclude>
    <ClInclude Include="NiColorData.h">
      <Filter>Header Files</Filter>
    </ClInclude>
    <ClInclude Include="NiColorEvaluator.h">
      <Filter>Header Files</Filter>
    </ClInclude>
    <ClInclude Include="NiColorExtraDataController.h">
      <Filter>Header Files</Filter>
    </ClInclude>
    <ClInclude Include="NiColorInterpController.h">
      <Filter>Header Files</Filter>
    </ClInclude>
    <ClInclude Include="NiColorInterpolator.h">
      <Filter>Header Files</Filter>
    </ClInclude>
    <ClInclude Include="NiColorKey.h">
      <Filter>Header Files</Filter>
    </ClInclude>
    <ClInclude Include="NiConstBoolEvaluator.h">
      <Filter>Header Files</Filter>
    </ClInclude>
    <ClInclude Include="NiConstColorEvaluator.h">
      <Filter>Header Files</Filter>
    </ClInclude>
    <ClInclude Include="NiConstFloatEvaluator.h">
      <Filter>Header Files</Filter>
    </ClInclude>
    <ClInclude Include="NiConstPoint3Evaluator.h">
      <Filter>Header Files</Filter>
    </ClInclude>
    <ClInclude Include="NiConstQuaternionEvaluator.h">
      <Filter>Header Files</Filter>
    </ClInclude>
    <ClInclude Include="NiConstTransformEvaluator.h">
      <Filter>Header Files</Filter>
    </ClInclude>
    <ClInclude Include="NiControllerManager.h">
      <Filter>Header Files</Filter>
    </ClInclude>
    <ClInclude Include="NiControllerSequence.h">
      <Filter>Header Files</Filter>
    </ClInclude>
    <ClInclude Include="NiEulerRotKey.h">
      <Filter>Header Files</Filter>
    </ClInclude>
    <ClInclude Include="NiEvaluator.h">
      <Filter>Header Files</Filter>
    </ClInclude>
    <ClInclude Include="NiEvaluatorSPData.h">
      <Filter>Header Files</Filter>
    </ClInclude>
    <ClInclude Include="NiExtraDataController.h">
      <Filter>Header Files</Filter>
    </ClInclude>
    <ClInclude Include="NiFlipController.h">
      <Filter>Header Files</Filter>
    </ClInclude>
    <ClInclude Include="NiFloatData.h">
      <Filter>Header Files</Filter>
    </ClInclude>
    <ClInclude Include="NiFloatEvaluator.h">
      <Filter>Header Files</Filter>
    </ClInclude>
    <ClInclude Include="NiFloatExtraDataController.h">
      <Filter>Header Files</Filter>
    </ClInclude>
    <ClInclude Include="NiFloatInterpController.h">
      <Filter>Header Files</Filter>
    </ClInclude>
    <ClInclude Include="NiFloatInterpolator.h">
      <Filter>Header Files</Filter>
    </ClInclude>
    <ClInclude Include="NiFloatKey.h">
      <Filter>Header Files</Filter>
    </ClInclude>
    <ClInclude Include="NiFloatsExtraDataController.h">
      <Filter>Header Files</Filter>
    </ClInclude>
    <ClInclude Include="NiFloatsExtraDataPoint3Controller.h">
      <Filter>Header Files</Filter>
    </ClInclude>
    <ClInclude Include="NiGeomMorpherController.h">
      <Filter>Header Files</Filter>
    </ClInclude>
    <ClInclude Include="NiGeomMorpherConverter.h">
      <Filter>Header Files</Filter>
    </ClInclude>
    <ClInclude Include="NiInterpController.h">
      <Filter>Header Files</Filter>
    </ClInclude>
    <ClInclude Include="NiInterpolator.h">
      <Filter>Header Files</Filter>
    </ClInclude>
    <ClInclude Include="NiInterpolatorConverter.h">
      <Filter>Header Files</Filter>
    </ClInclude>
    <ClInclude Include="NiInterpScalar.h">
      <Filter>Header Files</Filter>
    </ClInclude>
    <ClInclude Include="NiKeyBasedEvaluator.h">
      <Filter>Header Files</Filter>
    </ClInclude>
    <ClInclude Include="NiKeyBasedInterpolator.h">
      <Filter>Header Files</Filter>
    </ClInclude>
    <ClInclude Include="NiKFMTool.h">
      <Filter>Header Files</Filter>
    </ClInclude>
    <ClInclude Include="NiLightColorController.h">
      <Filter>Header Files</Filter>
    </ClInclude>
    <ClInclude Include="NiLightDimmerController.h">
      <Filter>Header Files</Filter>
    </ClInclude>
    <ClInclude Include="NiLinColorKey.h">
      <Filter>Header Files</Filter>
    </ClInclude>
    <ClInclude Include="NiLinFloatKey.h">
      <Filter>Header Files</Filter>
    </ClInclude>
    <ClInclude Include="NiLinPosKey.h">
      <Filter>Header Files</Filter>
    </ClInclude>
    <ClInclude Include="NiLinRotKey.h">
      <Filter>Header Files</Filter>
    </ClInclude>
    <ClInclude Include="NiLookAtEvaluator.h">
      <Filter>Header Files</Filter>
    </ClInclude>
    <ClInclude Include="NiLookAtInterpolator.h">
      <Filter>Header Files</Filter>
    </ClInclude>
    <ClInclude Include="NiMaterialColorController.h">
      <Filter>Header Files</Filter>
    </ClInclude>
    <ClInclude Include="NiMorphData.h">
      <Filter>Header Files</Filter>
    </ClInclude>
    <ClInclude Include="NiMorphWeightsController.h">
      <Filter>Header Files</Filter>
    </ClInclude>
    <ClInclude Include="NiMultiTargetPoseHandler.h">
      <Filter>Header Files</Filter>
    </ClInclude>
    <ClInclude Include="NiMultiTargetTransformController.h">
      <Filter>Header Files</Filter>
    </ClInclude>
    <ClInclude Include="NiOldAnimationConverter.h">
      <Filter>Header Files</Filter>
    </ClInclude>
    <ClInclude Include="NiPathEvaluator.h">
      <Filter>Header Files</Filter>
    </ClInclude>
    <ClInclude Include="NiPathInterpolator.h">
      <Filter>Header Files</Filter>
    </ClInclude>
    <ClInclude Include="NiPoint3Evaluator.h">
      <Filter>Header Files</Filter>
    </ClInclude>
    <ClInclude Include="NiPoint3InterpController.h">
      <Filter>Header Files</Filter>
    </ClInclude>
    <ClInclude Include="NiPoint3Interpolator.h">
      <Filter>Header Files</Filter>
    </ClInclude>
    <ClInclude Include="NiPosData.h">
      <Filter>Header Files</Filter>
    </ClInclude>
    <ClInclude Include="NiPoseBinding.h">
      <Filter>Header Files</Filter>
    </ClInclude>
    <ClInclude Include="NiPoseBlender.h">
      <Filter>Header Files</Filter>
    </ClInclude>
    <ClInclude Include="NiPoseBuffer.h">
      <Filter>Header Files</Filter>
    </ClInclude>
    <ClInclude Include="NiPoseBufferChannelType.h">
      <Filter>Header Files</Filter>
    </ClInclude>
    <ClInclude Include="NiPoseBufferHandle.h">
      <Filter>Header Files</Filter>
    </ClInclude>
    <ClInclude Include="NiPosKey.h">
      <Filter>Header Files</Filter>
    </ClInclude>
    <ClInclude Include="NiPrimeNumber.h">
      <Filter>Header Files</Filter>
    </ClInclude>
    <ClInclude Include="NiQuaternionEvaluator.h">
      <Filter>Header Files</Filter>
    </ClInclude>
    <ClInclude Include="NiQuaternionInterpController.h">
      <Filter>Header Files</Filter>
    </ClInclude>
    <ClInclude Include="NiQuaternionInterpolator.h">
      <Filter>Header Files</Filter>
    </ClInclude>
    <ClInclude Include="NiQuatTransform.h">
      <Filter>Header Files</Filter>
    </ClInclude>
    <ClInclude Include="NiRotData.h">
      <Filter>Header Files</Filter>
    </ClInclude>
    <ClInclude Include="NiRotKey.h">
      <Filter>Header Files</Filter>
    </ClInclude>
    <ClInclude Include="NiScratchPad.h">
      <Filter>Header Files</Filter>
    </ClInclude>
    <ClInclude Include="NiScratchPadBlock.h">
      <Filter>Header Files</Filter>
    </ClInclude>
    <ClInclude Include="NiSequenceData.h">
      <Filter>Header Files</Filter>
    </ClInclude>
    <ClInclude Include="NiSingleInterpController.h">
      <Filter>Header Files</Filter>
    </ClInclude>
    <ClInclude Include="NiSkinningLODController.h">
      <Filter>Header Files</Filter>
    </ClInclude>
    <ClInclude Include="NiSpline.h">
      <Filter>Header Files</Filter>
    </ClInclude>
    <ClInclude Include="NiStepBoolKey.h">
      <Filter>Header Files</Filter>
    </ClInclude>
    <ClInclude Include="NiStepColorKey.h">
      <Filter>Header Files</Filter>
    </ClInclude>
    <ClInclude Include="NiStepFloatKey.h">
      <Filter>Header Files</Filter>
    </ClInclude>
    <ClInclude Include="NiStepPosKey.h">
      <Filter>Header Files</Filter>
    </ClInclude>
    <ClInclude Include="NiStepRotKey.h">
      <Filter>Header Files</Filter>
    </ClInclude>
    <ClInclude Include="NiStringPalette.h">
      <Filter>Header Files</Filter>
    </ClInclude>
    <ClInclude Include="NiTCBFloatKey.h">
      <Filter>Header Files</Filter>
    </ClInclude>
    <ClInclude Include="NiTCBPosKey.h">
      <Filter>Header Files</Filter>
    </ClInclude>
    <ClInclude Include="NiTCBRotKey.h">
      <Filter>Header Files</Filter>
    </ClInclude>
    <ClInclude Include="NiTextKey.h">
      <Filter>Header Files</Filter>
    </ClInclude>
    <ClInclude Include="NiTextKeyExtraData.h">
      <Filter>Header Files</Filter>
    </ClInclude>
    <ClInclude Include="NiTextKeyMatch.h">
      <Filter>Header Files</Filter>
    </ClInclude>
    <ClInclude Include="NiTextureTransformController.h">
      <Filter>Header Files</Filter>
    </ClInclude>
    <ClInclude Include="NiTransformController.h">
      <Filter>Header Files</Filter>
    </ClInclude>
    <ClInclude Include="NiTransformData.h">
      <Filter>Header Files</Filter>
    </ClInclude>
    <ClInclude Include="NiTransformEvaluator.h">
      <Filter>Header Files</Filter>
    </ClInclude>
    <ClInclude Include="NiTransformInterpolator.h">
      <Filter>Header Files</Filter>
    </ClInclude>
    <ClInclude Include="NiVisController.h">
      <Filter>Header Files</Filter>
    </ClInclude>
  </ItemGroup>
  <ItemGroup>
    <None Include="NiActorManager.inl">
      <Filter>Header Files</Filter>
    </None>
    <None Include="NiAnimationConstants.inl">
      <Filter>Header Files</Filter>
    </None>
    <None Include="NiAnimationKey.inl">
      <Filter>Header Files</Filter>
    </None>
    <None Include="NiBezFloatKey.inl">
      <Filter>Header Files</Filter>
    </None>
    <None Include="NiBezPosKey.inl">
      <Filter>Header Files</Filter>
    </None>
    <None Include="NiBezRotKey.inl">
      <Filter>Header Files</Filter>
    </None>
    <None Include="NiBlendInterpolator.inl">
      <Filter>Header Files</Filter>
    </None>
    <None Include="NiBoneLODController.inl">
      <Filter>Header Files</Filter>
    </None>
    <None Include="NiBoolData.inl">
      <Filter>Header Files</Filter>
    </None>
    <None Include="NiBoolEvaluator.inl">
      <Filter>Header Files</Filter>
    </None>
    <None Include="NiBoolInterpolator.inl">
      <Filter>Header Files</Filter>
    </None>
    <None Include="NiBoolKey.inl">
      <Filter>Header Files</Filter>
    </None>
    <None Include="NiBSplineBasis.inl">
      <Filter>Header Files</Filter>
    </None>
    <None Include="NiBSplineFit.inl">
      <Filter>Header Files</Filter>
    </None>
    <None Include="NiColorData.inl">
      <Filter>Header Files</Filter>
    </None>
    <None Include="NiColorEvaluator.inl">
      <Filter>Header Files</Filter>
    </None>
    <None Include="NiColorInterpolator.inl">
      <Filter>Header Files</Filter>
    </None>
    <None Include="NiColorKey.inl">
      <Filter>Header Files</Filter>
    </None>
    <None Include="NiConstBoolEvaluator.inl">
      <Filter>Header Files</Filter>
    </None>
    <None Include="NiConstColorEvaluator.inl">
      <Filter>Header Files</Filter>
    </None>
    <None Include="NiConstFloatEvaluator.inl">
      <Filter>Header Files</Filter>
    </None>
    <None Include="NiConstPoint3Evaluator.inl">
      <Filter>Header Files</Filter>
    </None>
    <None Include="NiConstQuaternionEvaluator.inl">
      <Filter>Header Files</Filter>
    </None>
    <None Include="NiConstTransformEvaluator.inl">
      <Filter>Header Files</Filter>
    </None>
    <None Include="NiControllerManager.inl">
      <Filter>Header Files</Filter>
    </None>
    <None Include="NiControllerSequence.inl">
      <Filter>Header Files</Filter>
    </None>
    <None Include="NiEulerRotKey.inl">
      <Filter>Header Files</Filter>
    </None>
    <None Include="NiEvaluator.inl">
      <Filter>Header Files</Filter>
    </None>
    <None Include="NiEvaluatorSPData.inl">
      <Filter>Header Files</Filter>
    </None>
    <None Include="NiExtraDataController.inl">
      <Filter>Header Files</Filter>
    </None>
    <None Include="NiFlipController.inl">
      <Filter>Header Files</Filter>
    </None>
    <None Include="NiFloatData.inl">
      <Filter>Header Files</Filter>
    </None>
    <None Include="NiFloatEvaluator.inl">
      <Filter>Header Files</Filter>
    </None>
    <None Include="NiFloatInterpolator.inl">
      <Filter>Header Files</Filter>
    </None>
    <None Include="NiFloatKey.inl">
      <Filter>Header Files</Filter>
    </None>
    <None Include="NiFloatsExtraDataController.inl">
      <Filter>Header Files</Filter>
    </None>
    <None Include="NiFloatsExtraDataPoint3Controller.inl">
      <Filter>Header Files</Filter>
    </None>
    <None Include="NiGeomMorpherController.inl">
      <Filter>Header Files</Filter>
    </None>
    <None Include="NiInterpController.inl">
      <Filter>Header Files</Filter>
    </None>
    <None Include="NiInterpolator.inl">
      <Filter>Header Files</Filter>
    </None>
    <None Include="NiKFMTool.inl">
      <Filter>Header Files</Filter>
    </None>
    <None Include="NiLightColorController.inl">
      <Filter>Header Files</Filter>
    </None>
    <None Include="NiLinColorKey.inl">
      <Filter>Header Files</Filter>
    </None>
    <None Include="NiLinFloatKey.inl">
      <Filter>Header Files</Filter>
    </None>
    <None Include="NiLinPosKey.inl">
      <Filter>Header Files</Filter>
    </None>
    <None Include="NiLinRotKey.inl">
      <Filter>Header Files</Filter>
    </None>
    <None Include="NiLookAtEvaluator.inl">
      <Filter>Header Files</Filter>
    </None>
    <None Include="NiLookAtInterpolator.inl">
      <Filter>Header Files</Filter>
    </None>
    <None Include="NiMaterialColorController.inl">
      <Filter>Header Files</Filter>
    </None>
    <None Include="NiMorphData.inl">
      <Filter>Header Files</Filter>
    </None>
    <None Include="NiMorphWeightsController.inl">
      <Filter>Header Files</Filter>
    </None>
    <None Include="NiMultiTargetPoseHandler.inl">
      <Filter>Header Files</Filter>
    </None>
    <None Include="NiMultiTargetTransformController.inl">
      <Filter>Header Files</Filter>
    </None>
    <None Include="NiPathEvaluator.inl">
      <Filter>Header Files</Filter>
    </None>
    <None Include="NiPathInterpolator.inl">
      <Filter>Header Files</Filter>
    </None>
    <None Include="NiPoint3Evaluator.inl">
      <Filter>Header Files</Filter>
    </None>
    <None Include="NiPoint3Interpolator.inl">
      <Filter>Header Files</Filter>
    </None>
    <None Include="NiPosData.inl">
      <Filter>Header Files</Filter>
    </None>
    <None Include="NiPoseBinding.inl">
      <Filter>Header Files</Filter>
    </None>
    <None Include="NiPoseBlender.inl">
      <Filter>Header Files</Filter>
    </None>
    <None Include="NiPoseBuffer.inl">
      <Filter>Header Files</Filter>
    </None>
    <None Include="NiPoseBufferHandle.inl">
      <Filter>Header Files</Filter>
    </None>
    <None Include="NiPosKey.inl">
      <Filter>Header Files</Filter>
    </None>
    <None Include="NiQuaternionEvaluator.inl">
      <Filter>Header Files</Filter>
    </None>
    <None Include="NiQuaternionInterpolator.inl">
      <Filter>Header Files</Filter>
    </None>
    <None Include="NiQuatTransform.inl">
      <Filter>Header Files</Filter>
    </None>
    <None Include="NiRotData.inl">
      <Filter>Header Files</Filter>
    </None>
    <None Include="NiRotKey.inl">
      <Filter>Header Files</Filter>
    </None>
    <None Include="NiScratchPad.inl">
      <Filter>Header Files</Filter>
    </None>
    <None Include="NiSequenceData.inl">
      <Filter>Header Files</Filter>
    </None>
    <None Include="NiSkinningLODController.inl">
      <Filter>Header Files</Filter>
    </None>
    <None Include="NiStepBoolKey.inl">
      <Filter>Header Files</Filter>
    </None>
    <None Include="NiStepColorKey.inl">
      <Filter>Header Files</Filter>
    </None>
    <None Include="NiStepFloatKey.inl">
      <Filter>Header Files</Filter>
    </None>
    <None Include="NiStepPosKey.inl">
      <Filter>Header Files</Filter>
    </None>
    <None Include="NiStepRotKey.inl">
      <Filter>Header Files</Filter>
    </None>
    <None Include="NiStringPalette.inl">
      <Filter>Header Files</Filter>
    </None>
    <None Include="NiTCBFloatKey.inl">
      <Filter>Header Files</Filter>
    </None>
    <None Include="NiTCBPosKey.inl">
      <Filter>Header Files</Filter>
    </None>
    <None Include="NiTCBRotKey.inl">
      <Filter>Header Files</Filter>
    </None>
    <None Include="NiTextKey.inl">
      <Filter>Header Files</Filter>
    </None>
    <None Include="NiTextKeyExtraData.inl">
      <Filter>Header Files</Filter>
    </None>
    <None Include="NiTextKeyMatch.inl">
      <Filter>Header Files</Filter>
    </None>
    <None Include="NiTextureTransformController.inl">
      <Filter>Header Files</Filter>
    </None>
    <None Include="NiTransformData.inl">
      <Filter>Header Files</Filter>
    </None>
    <None Include="NiTransformEvaluator.inl">
      <Filter>Header Files</Filter>
    </None>
    <None Include="NiTransformInterpolator.inl">
      <Filter>Header Files</Filter>
    </None>
  </ItemGroup>
</Project>