<?xml version="1.0" encoding="utf-8"?>
<Project ToolsVersion="4.0" xmlns="http://schemas.microsoft.com/developer/msbuild/2003">
  <ItemGroup>
    <Filter Include="Source Files">
      <UniqueIdentifier>{4FC737F1-C7A5-4376-A066-2A32D752A2FF}</UniqueIdentifier>
      <Extensions>cpp;c;cc;cxx;c++;cppm;ixx;def;odl;idl;hpj;bat;asm;asmx</Extensions>
    </Filter>
    <Filter Include="Header Files">
      <UniqueIdentifier>{93995380-89BD-4b04-88EB-625FBE52EBFB}</UniqueIdentifier>
      <Extensions>h;hh;hpp;hxx;h++;hm;inl;inc;ipp;xsd</Extensions>
    </Filter>
    <Filter Include="Resource Files">
      <UniqueIdentifier>{67DA6AB6-F800-4c08-8B7A-83BB121AAD01}</UniqueIdentifier>
      <Extensions>rc;ico;cur;bmp;dlg;rc2;rct;bin;rgs;gif;jpg;jpeg;jpe;resx;tiff;tif;png;wav;mfcribbon-ms</Extensions>
    </Filter>
  </ItemGroup>
  <ItemGroup>
    <ClInclude Include="NiParticle.h">
      <Filter>Header Files</Filter>
    </ClInclude>
    <ClInclude Include="NiParticleLibType.h">
      <Filter>Header Files</Filter>
    </ClInclude>
    <ClInclude Include="NiParticlePCH.h">
      <Filter>Header Files</Filter>
    </ClInclude>
    <ClInclude Include="NiParticleSDM.h">
      <Filter>Header Files</Filter>
    </ClInclude>
    <ClInclude Include="NiPSAirFieldAirFrictionCtlr.h">
      <Filter>Header Files</Filter>
    </ClInclude>
    <ClInclude Include="NiPSAirFieldForce.h">
      <Filter>Header Files</Filter>
    </ClInclude>
    <ClInclude Include="NiPSAirFieldInheritedVelocityCtlr.h">
      <Filter>Header Files</Filter>
    </ClInclude>
    <ClInclude Include="NiPSAirFieldSpreadCtlr.h">
      <Filter>Header Files</Filter>
    </ClInclude>
    <ClInclude Include="NiPSBombForce.h">
      <Filter>Header Files</Filter>
    </ClInclude>
    <ClInclude Include="NiPSBoundUpdater.h">
      <Filter>Header Files</Filter>
    </ClInclude>
    <ClInclude Include="NiPSBoxEmitter.h">
      <Filter>Header Files</Filter>
    </ClInclude>
    <ClInclude Include="NiPSCollider.h">
      <Filter>Header Files</Filter>
    </ClInclude>
    <ClInclude Include="NiPSColliderDefinitions.h">
      <Filter>Header Files</Filter>
    </ClInclude>
    <ClInclude Include="NiPSColliderHelpers.h">
      <Filter>Header Files</Filter>
    </ClInclude>
    <ClInclude Include="NiPSCommonSemantics.h">
      <Filter>Header Files</Filter>
    </ClInclude>
    <ClInclude Include="NiPSConverter.h">
      <Filter>Header Files</Filter>
    </ClInclude>
    <ClInclude Include="NiPSCylinderEmitter.h">
      <Filter>Header Files</Filter>
    </ClInclude>
    <ClInclude Include="NiPSDragFieldForce.h">
      <Filter>Header Files</Filter>
    </ClInclude>
    <ClInclude Include="NiPSDragForce.h">
      <Filter>Header Files</Filter>
    </ClInclude>
    <ClInclude Include="NiPSEmitParticlesCtlr.h">
      <Filter>Header Files</Filter>
    </ClInclude>
    <ClInclude Include="NiPSEmitter.h">
      <Filter>Header Files</Filter>
    </ClInclude>
    <ClInclude Include="NiPSEmitterCtlr.h">
      <Filter>Header Files</Filter>
    </ClInclude>
    <ClInclude Include="NiPSEmitterDeclinationCtlr.h">
      <Filter>Header Files</Filter>
    </ClInclude>
    <ClInclude Include="NiPSEmitterDeclinationVarCtlr.h">
      <Filter>Header Files</Filter>
    </ClInclude>
    <ClInclude Include="NiPSEmitterFloatCtlr.h">
      <Filter>Header Files</Filter>
    </ClInclude>
    <ClInclude Include="NiPSEmitterLifeSpanCtlr.h">
      <Filter>Header Files</Filter>
    </ClInclude>
    <ClInclude Include="NiPSEmitterPlanarAngleCtlr.h">
      <Filter>Header Files</Filter>
    </ClInclude>
    <ClInclude Include="NiPSEmitterPlanarAngleVarCtlr.h">
      <Filter>Header Files</Filter>
    </ClInclude>
    <ClInclude Include="NiPSEmitterRadiusCtlr.h">
      <Filter>Header Files</Filter>
    </ClInclude>
    <ClInclude Include="NiPSEmitterRotAngleCtlr.h">
      <Filter>Header Files</Filter>
    </ClInclude>
    <ClInclude Include="NiPSEmitterRotAngleVarCtlr.h">
      <Filter>Header Files</Filter>
    </ClInclude>
    <ClInclude Include="NiPSEmitterRotSpeedCtlr.h">
      <Filter>Header Files</Filter>
    </ClInclude>
    <ClInclude Include="NiPSEmitterRotSpeedVarCtlr.h">
      <Filter>Header Files</Filter>
    </ClInclude>
    <ClInclude Include="NiPSEmitterSpeedCtlr.h">
      <Filter>Header Files</Filter>
    </ClInclude>
    <ClInclude Include="NiPSFacingQuadGenerator.h">
      <Filter>Header Files</Filter>
    </ClInclude>
    <ClInclude Include="NiPSFieldAttenuationCtlr.h">
      <Filter>Header Files</Filter>
    </ClInclude>
    <ClInclude Include="NiPSFieldForce.h">
      <Filter>Header Files</Filter>
    </ClInclude>
    <ClInclude Include="NiPSFieldMagnitudeCtlr.h">
      <Filter>Header Files</Filter>
    </ClInclude>
    <ClInclude Include="NiPSFieldMaxDistanceCtlr.h">
      <Filter>Header Files</Filter>
    </ClInclude>
    <ClInclude Include="NiPSFlagsHelpers.h">
      <Filter>Header Files</Filter>
    </ClInclude>
    <ClInclude Include="NiPSForce.h">
      <Filter>Header Files</Filter>
    </ClInclude>
    <ClInclude Include="NiPSForceActiveCtlr.h">
      <Filter>Header Files</Filter>
    </ClInclude>
    <ClInclude Include="NiPSForceBoolCtlr.h">
      <Filter>Header Files</Filter>
    </ClInclude>
    <ClInclude Include="NiPSForceCtlr.h">
      <Filter>Header Files</Filter>
    </ClInclude>
    <ClInclude Include="NiPSForceDefinitions.h">
      <Filter>Header Files</Filter>
    </ClInclude>
    <ClInclude Include="NiPSForceFloatCtlr.h">
      <Filter>Header Files</Filter>
    </ClInclude>
    <ClInclude Include="NiPSForceHelpers.h">
      <Filter>Header Files</Filter>
    </ClInclude>
    <ClInclude Include="NiPSGravityFieldForce.h">
      <Filter>Header Files</Filter>
    </ClInclude>
    <ClInclude Include="NiPSGravityForce.h">
      <Filter>Header Files</Filter>
    </ClInclude>
    <ClInclude Include="NiPSGravityStrengthCtlr.h">
      <Filter>Header Files</Filter>
    </ClInclude>
    <ClInclude Include="NiPSKernelDefinitions.h">
      <Filter>Header Files</Filter>
    </ClInclude>
    <ClInclude Include="NiPSMeshEmitter.h">
      <Filter>Header Files</Filter>
    </ClInclude>
    <ClInclude Include="NiPSMeshParticleSystem.h">
      <Filter>Header Files</Filter>
    </ClInclude>
    <ClInclude Include="NiPSMetrics.h">
      <Filter>Header Files</Filter>
    </ClInclude>
    <ClInclude Include="NiPSParticleSystem.h">
      <Filter>Header Files</Filter>
    </ClInclude>
    <ClInclude Include="NiPSPlanarCollider.h">
      <Filter>Header Files</Filter>
    </ClInclude>
    <ClInclude Include="NiPSRadialFieldForce.h">
      <Filter>Header Files</Filter>
    </ClInclude>
    <ClInclude Include="NiPSResetOnLoopCtlr.h">
      <Filter>Header Files</Filter>
    </ClInclude>
    <ClInclude Include="NiPSSimulator.h">
      <Filter>Header Files</Filter>
    </ClInclude>
    <ClInclude Include="NiPSSimulatorCollidersStep.h">
      <Filter>Header Files</Filter>
    </ClInclude>
    <ClInclude Include="NiPSSimulatorFinalStep.h">
      <Filter>Header Files</Filter>
    </ClInclude>
    <ClInclude Include="NiPSSimulatorForcesStep.h">
      <Filter>Header Files</Filter>
    </ClInclude>
    <ClInclude Include="NiPSSimulatorGeneralStep.h">
      <Filter>Header Files</Filter>
    </ClInclude>
    <ClInclude Include="NiPSSimulatorKernelHelpers.h">
      <Filter>Header Files</Filter>
    </ClInclude>
    <ClInclude Include="NiPSSimulatorStep.h">
      <Filter>Header Files</Filter>
    </ClInclude>
    <ClInclude Include="NiPSSpawner.h">
      <Filter>Header Files</Filter>
    </ClInclude>
    <ClInclude Include="NiPSSphereEmitter.h">
      <Filter>Header Files</Filter>
    </ClInclude>
    <ClInclude Include="NiPSSphericalCollider.h">
      <Filter>Header Files</Filter>
    </ClInclude>
    <ClInclude Include="NiPSTurbulenceFieldForce.h">
      <Filter>Header Files</Filter>
    </ClInclude>
    <ClInclude Include="NiPSVolumeEmitter.h">
      <Filter>Header Files</Filter>
    </ClInclude>
    <ClInclude Include="NiPSVortexFieldForce.h">
      <Filter>Header Files</Filter>
    </ClInclude>
    <ClInclude Include="_Deprecated\NiMeshParticleSystem.h">
      <Filter>Header Files</Filter>
    </ClInclude>
    <ClInclude Include="_Deprecated\NiMeshPSysData.h">
      <Filter>Header Files</Filter>
    </ClInclude>
    <ClInclude Include="_Deprecated\NiParticleInfo.h">
      <Filter>Header Files</Filter>
    </ClInclude>
    <ClInclude Include="_Deprecated\NiParticleSystem.h">
      <Filter>Header Files</Filter>
    </ClInclude>
    <ClInclude Include="_Deprecated\NiPSysAgeDeathModifier.h">
      <Filter>Header Files</Filter>
    </ClInclude>
    <ClInclude Include="_Deprecated\NiPSysAirFieldAirFrictionCtlr.h">
      <Filter>Header Files</Filter>
    </ClInclude>
    <ClInclude Include="_Deprecated\NiPSysAirFieldInheritVelocityCtlr.h">
      <Filter>Header Files</Filter>
    </ClInclude>
    <ClInclude Include="_Deprecated\NiPSysAirFieldModifier.h">
      <Filter>Header Files</Filter>
    </ClInclude>
    <ClInclude Include="_Deprecated\NiPSysAirFieldSpreadCtlr.h">
      <Filter>Header Files</Filter>
    </ClInclude>
    <ClInclude Include="_Deprecated\NiPSysBombModifier.h">
      <Filter>Header Files</Filter>
    </ClInclude>
    <ClInclude Include="_Deprecated\NiPSysBoundUpdateModifier.h">
      <Filter>Header Files</Filter>
    </ClInclude>
    <ClInclude Include="_Deprecated\NiPSysBoxEmitter.h">
      <Filter>Header Files</Filter>
    </ClInclude>
    <ClInclude Include="_Deprecated\NiPSysCollider.h">
      <Filter>Header Files</Filter>
    </ClInclude>
    <ClInclude Include="_Deprecated\NiPSysColliderManager.h">
      <Filter>Header Files</Filter>
    </ClInclude>
    <ClInclude Include="_Deprecated\NiPSysColorModifier.h">
      <Filter>Header Files</Filter>
    </ClInclude>
    <ClInclude Include="_Deprecated\NiPSysCylinderEmitter.h">
      <Filter>Header Files</Filter>
    </ClInclude>
    <ClInclude Include="_Deprecated\NiPSysData.h">
      <Filter>Header Files</Filter>
    </ClInclude>
    <ClInclude Include="_Deprecated\NiPSysDragFieldModifier.h">
      <Filter>Header Files</Filter>
    </ClInclude>
    <ClInclude Include="_Deprecated\NiPSysDragModifier.h">
      <Filter>Header Files</Filter>
    </ClInclude>
    <ClInclude Include="_Deprecated\NiPSysEmitter.h">
      <Filter>Header Files</Filter>
    </ClInclude>
    <ClInclude Include="_Deprecated\NiPSysEmitterCtlr.h">
      <Filter>Header Files</Filter>
    </ClInclude>
    <ClInclude Include="_Deprecated\NiPSysEmitterCtlrData.h">
      <Filter>Header Files</Filter>
    </ClInclude>
    <ClInclude Include="_Deprecated\NiPSysEmitterDeclinationCtlr.h">
      <Filter>Header Files</Filter>
    </ClInclude>
    <ClInclude Include="_Deprecated\NiPSysEmitterDeclinationVarCtlr.h">
      <Filter>Header Files</Filter>
    </ClInclude>
    <ClInclude Include="_Deprecated\NiPSysEmitterInitialRadiusCtlr.h">
      <Filter>Header Files</Filter>
    </ClInclude>
    <ClInclude Include="_Deprecated\NiPSysEmitterLifeSpanCtlr.h">
      <Filter>Header Files</Filter>
    </ClInclude>
    <ClInclude Include="_Deprecated\NiPSysEmitterPlanarAngleCtlr.h">
      <Filter>Header Files</Filter>
    </ClInclude>
    <ClInclude Include="_Deprecated\NiPSysEmitterPlanarAngleVarCtlr.h">
      <Filter>Header Files</Filter>
    </ClInclude>
    <ClInclude Include="_Deprecated\NiPSysEmitterSpeedCtlr.h">
      <Filter>Header Files</Filter>
    </ClInclude>
    <ClInclude Include="_Deprecated\NiPSysFieldAttenuationCtlr.h">
      <Filter>Header Files</Filter>
    </ClInclude>
    <ClInclude Include="_Deprecated\NiPSysFieldMagnitudeCtlr.h">
      <Filter>Header Files</Filter>
    </ClInclude>
    <ClInclude Include="_Deprecated\NiPSysFieldMaxDistanceCtlr.h">
      <Filter>Header Files</Filter>
    </ClInclude>
    <ClInclude Include="_Deprecated\NiPSysFieldModifier.h">
      <Filter>Header Files</Filter>
    </ClInclude>
    <ClInclude Include="_Deprecated\NiPSysGravityFieldModifier.h">
      <Filter>Header Files</Filter>
    </ClInclude>
    <ClInclude Include="_Deprecated\NiPSysGravityModifier.h">
      <Filter>Header Files</Filter>
    </ClInclude>
    <ClInclude Include="_Deprecated\NiPSysGravityStrengthCtlr.h">
      <Filter>Header Files</Filter>
    </ClInclude>
    <ClInclude Include="_Deprecated\NiPSysGrowFadeModifier.h">
      <Filter>Header Files</Filter>
    </ClInclude>
    <ClInclude Include="_Deprecated\NiPSysInitialRotAngleCtlr.h">
      <Filter>Header Files</Filter>
    </ClInclude>
    <ClInclude Include="_Deprecated\NiPSysInitialRotAngleVarCtlr.h">
      <Filter>Header Files</Filter>
    </ClInclude>
    <ClInclude Include="_Deprecated\NiPSysInitialRotSpeedCtlr.h">
      <Filter>Header Files</Filter>
    </ClInclude>
    <ClInclude Include="_Deprecated\NiPSysInitialRotSpeedVarCtlr.h">
      <Filter>Header Files</Filter>
    </ClInclude>
    <ClInclude Include="_Deprecated\NiPSysMeshEmitter.h">
      <Filter>Header Files</Filter>
    </ClInclude>
    <ClInclude Include="_Deprecated\NiPSysMeshUpdateModifier.h">
      <Filter>Header Files</Filter>
    </ClInclude>
    <ClInclude Include="_Deprecated\NiPSysModifier.h">
      <Filter>Header Files</Filter>
    </ClInclude>
    <ClInclude Include="_Deprecated\NiPSysModifierActiveCtlr.h">
      <Filter>Header Files</Filter>
    </ClInclude>
    <ClInclude Include="_Deprecated\NiPSysModifierBoolCtlr.h">
      <Filter>Header Files</Filter>
    </ClInclude>
    <ClInclude Include="_Deprecated\NiPSysModifierCtlr.h">
      <Filter>Header Files</Filter>
    </ClInclude>
    <ClInclude Include="_Deprecated\NiPSysModifierFloatCtlr.h">
      <Filter>Header Files</Filter>
    </ClInclude>
    <ClInclude Include="_Deprecated\NiPSysPlanarCollider.h">
      <Filter>Header Files</Filter>
    </ClInclude>
    <ClInclude Include="_Deprecated\NiPSysPositionModifier.h">
      <Filter>Header Files</Filter>
    </ClInclude>
    <ClInclude Include="_Deprecated\NiPSysRadialFieldModifier.h">
      <Filter>Header Files</Filter>
    </ClInclude>
    <ClInclude Include="_Deprecated\NiPSysResetOnLoopCtlr.h">
      <Filter>Header Files</Filter>
    </ClInclude>
    <ClInclude Include="_Deprecated\NiPSysRotationModifier.h">
      <Filter>Header Files</Filter>
    </ClInclude>
    <ClInclude Include="_Deprecated\NiPSysSpawnModifier.h">
      <Filter>Header Files</Filter>
    </ClInclude>
    <ClInclude Include="_Deprecated\NiPSysSphereEmitter.h">
      <Filter>Header Files</Filter>
    </ClInclude>
    <ClInclude Include="_Deprecated\NiPSysSphericalCollider.h">
      <Filter>Header Files</Filter>
    </ClInclude>
    <ClInclude Include="_Deprecated\NiPSysTurbulenceFieldModifier.h">
      <Filter>Header Files</Filter>
    </ClInclude>
    <ClInclude Include="_Deprecated\NiPSysUpdateCtlr.h">
      <Filter>Header Files</Filter>
    </ClInclude>
    <ClInclude Include="_Deprecated\NiPSysVolumeEmitter.h">
      <Filter>Header Files</Filter>
    </ClInclude>
    <ClInclude Include="_Deprecated\NiPSysVortexFieldModifier.h">
      <Filter>Header Files</Filter>
    </ClInclude>
    <ClInclude Include="Kernels\NiPSFacingQuadGeneratorKernel\NiPSFacingQuadGeneratorKernel.h">
      <Filter>Header Files</Filter>
    </ClInclude>
    <ClInclude Include="Kernels\NiPSSimulatorCollidersKernel\NiPSSimulatorCollidersKernel.h">
      <Filter>Header Files</Filter>
    </ClInclude>
    <ClInclude Include="Kernels\NiPSSimulatorFinalKernel\NiPSSimulatorFinalKernel.h">
      <Filter>Header Files</Filter>
    </ClInclude>
    <ClInclude Include="Kernels\NiPSSimulatorForcesKernel\NiPSSimulatorForcesKernel.h">
      <Filter>Header Files</Filter>
    </ClInclude>
    <ClInclude Include="Kernels\NiPSSimulatorGeneralKernel\NiPSSimulatorGeneralKernel.h">
      <Filter>Header Files</Filter>
    </ClInclude>
    <ClInclude Include="NiMeshParticleSystem.h">
      <Filter>Header Files</Filter>
    </ClInclude>
    <ClInclude Include="NiMeshPSysData.h">
      <Filter>Header Files</Filter>
    </ClInclude>
    <ClInclude Include="NiParticleInfo.h">
      <Filter>Header Files</Filter>
    </ClInclude>
    <ClInclude Include="NiParticleSystem.h">
      <Filter>Header Files</Filter>
    </ClInclude>
    <ClInclude Include="NiPSFacingQuadGeneratorKernel.h">
      <Filter>Header Files</Filter>
    </ClInclude>
    <ClInclude Include="NiPSSimulatorCollidersKernel.h">
      <Filter>Header Files</Filter>
    </ClInclude>
    <ClInclude Include="NiPSSimulatorFinalKernel.h">
      <Filter>Header Files</Filter>
    </ClInclude>
    <ClInclude Include="NiPSSimulatorForcesKernel.h">
      <Filter>Header Files</Filter>
    </ClInclude>
    <ClInclude Include="NiPSSimulatorGeneralKernel.h">
      <Filter>Header Files</Filter>
    </ClInclude>
    <ClInclude Include="NiPSysAgeDeathModifier.h">
      <Filter>Header Files</Filter>
    </ClInclude>
    <ClInclude Include="NiPSysAirFieldAirFrictionCtlr.h">
      <Filter>Header Files</Filter>
    </ClInclude>
    <ClInclude Include="NiPSysAirFieldInheritVelocityCtlr.h">
      <Filter>Header Files</Filter>
    </ClInclude>
    <ClInclude Include="NiPSysAirFieldModifier.h">
      <Filter>Header Files</Filter>
    </ClInclude>
    <ClInclude Include="NiPSysAirFieldSpreadCtlr.h">
      <Filter>Header Files</Filter>
    </ClInclude>
    <ClInclude Include="NiPSysBombModifier.h">
      <Filter>Header Files</Filter>
    </ClInclude>
    <ClInclude Include="NiPSysBoundUpdateModifier.h">
      <Filter>Header Files</Filter>
    </ClInclude>
    <ClInclude Include="NiPSysBoxEmitter.h">
      <Filter>Header Files</Filter>
    </ClInclude>
    <ClInclude Include="NiPSysCollider.h">
      <Filter>Header Files</Filter>
    </ClInclude>
    <ClInclude Include="NiPSysColliderManager.h">
      <Filter>Header Files</Filter>
    </ClInclude>
    <ClInclude Include="NiPSysColorModifier.h">
      <Filter>Header Files</Filter>
    </ClInclude>
    <ClInclude Include="NiPSysCylinderEmitter.h">
      <Filter>Header Files</Filter>
    </ClInclude>
    <ClInclude Include="NiPSysData.h">
      <Filter>Header Files</Filter>
    </ClInclude>
    <ClInclude Include="NiPSysDragFieldModifier.h">
      <Filter>Header Files</Filter>
    </ClInclude>
    <ClInclude Include="NiPSysDragModifier.h">
      <Filter>Header Files</Filter>
    </ClInclude>
    <ClInclude Include="NiPSysEmitter.h">
      <Filter>Header Files</Filter>
    </ClInclude>
    <ClInclude Include="NiPSysEmitterCtlr.h">
      <Filter>Header Files</Filter>
    </ClInclude>
    <ClInclude Include="NiPSysEmitterCtlrData.h">
      <Filter>Header Files</Filter>
    </ClInclude>
    <ClInclude Include="NiPSysEmitterDeclinationCtlr.h">
      <Filter>Header Files</Filter>
    </ClInclude>
    <ClInclude Include="NiPSysEmitterDeclinationVarCtlr.h">
      <Filter>Header Files</Filter>
    </ClInclude>
    <ClInclude Include="NiPSysEmitterInitialRadiusCtlr.h">
      <Filter>Header Files</Filter>
    </ClInclude>
    <ClInclude Include="NiPSysEmitterLifeSpanCtlr.h">
      <Filter>Header Files</Filter>
    </ClInclude>
    <ClInclude Include="NiPSysEmitterPlanarAngleCtlr.h">
      <Filter>Header Files</Filter>
    </ClInclude>
    <ClInclude Include="NiPSysEmitterPlanarAngleVarCtlr.h">
      <Filter>Header Files</Filter>
    </ClInclude>
    <ClInclude Include="NiPSysEmitterSpeedCtlr.h">
      <Filter>Header Files</Filter>
    </ClInclude>
    <ClInclude Include="NiPSysFieldAttenuationCtlr.h">
      <Filter>Header Files</Filter>
    </ClInclude>
    <ClInclude Include="NiPSysFieldMagnitudeCtlr.h">
      <Filter>Header Files</Filter>
    </ClInclude>
    <ClInclude Include="NiPSysFieldMaxDistanceCtlr.h">
      <Filter>Header Files</Filter>
    </ClInclude>
    <ClInclude Include="NiPSysFieldModifier.h">
      <Filter>Header Files</Filter>
    </ClInclude>
    <ClInclude Include="NiPSysGravityFieldModifier.h">
      <Filter>Header Files</Filter>
    </ClInclude>
    <ClInclude Include="NiPSysGravityModifier.h">
      <Filter>Header Files</Filter>
    </ClInclude>
    <ClInclude Include="NiPSysGravityStrengthCtlr.h">
      <Filter>Header Files</Filter>
    </ClInclude>
    <ClInclude Include="NiPSysGrowFadeModifier.h">
      <Filter>Header Files</Filter>
    </ClInclude>
    <ClInclude Include="NiPSysInitialRotAngleCtlr.h">
      <Filter>Header Files</Filter>
    </ClInclude>
    <ClInclude Include="NiPSysInitialRotAngleVarCtlr.h">
      <Filter>Header Files</Filter>
    </ClInclude>
    <ClInclude Include="NiPSysInitialRotSpeedCtlr.h">
      <Filter>Header Files</Filter>
    </ClInclude>
    <ClInclude Include="NiPSysInitialRotSpeedVarCtlr.h">
      <Filter>Header Files</Filter>
    </ClInclude>
    <ClInclude Include="NiPSysMeshEmitter.h">
      <Filter>Header Files</Filter>
    </ClInclude>
    <ClInclude Include="NiPSysMeshUpdateModifier.h">
      <Filter>Header Files</Filter>
    </ClInclude>
    <ClInclude Include="NiPSysModifier.h">
      <Filter>Header Files</Filter>
    </ClInclude>
    <ClInclude Include="NiPSysModifierActiveCtlr.h">
      <Filter>Header Files</Filter>
    </ClInclude>
    <ClInclude Include="NiPSysModifierBoolCtlr.h">
      <Filter>Header Files</Filter>
    </ClInclude>
    <ClInclude Include="NiPSysModifierCtlr.h">
      <Filter>Header Files</Filter>
    </ClInclude>
    <ClInclude Include="NiPSysModifierFloatCtlr.h">
      <Filter>Header Files</Filter>
    </ClInclude>
    <ClInclude Include="NiPSysPlanarCollider.h">
      <Filter>Header Files</Filter>
    </ClInclude>
    <ClInclude Include="NiPSysPositionModifier.h">
      <Filter>Header Files</Filter>
    </ClInclude>
    <ClInclude Include="NiPSysRadialFieldModifier.h">
      <Filter>Header Files</Filter>
    </ClInclude>
    <ClInclude Include="NiPSysResetOnLoopCtlr.h">
      <Filter>Header Files</Filter>
    </ClInclude>
    <ClInclude Include="NiPSysRotationModifier.h">
      <Filter>Header Files</Filter>
    </ClInclude>
    <ClInclude Include="NiPSysSpawnModifier.h">
      <Filter>Header Files</Filter>
    </ClInclude>
    <ClInclude Include="NiPSysSphereEmitter.h">
      <Filter>Header Files</Filter>
    </ClInclude>
    <ClInclude Include="NiPSysSphericalCollider.h">
      <Filter>Header Files</Filter>
    </ClInclude>
    <ClInclude Include="NiPSysTurbulenceFieldModifier.h">
      <Filter>Header Files</Filter>
    </ClInclude>
    <ClInclude Include="NiPSysUpdateCtlr.h">
      <Filter>Header Files</Filter>
    </ClInclude>
    <ClInclude Include="NiPSysVolumeEmitter.h">
      <Filter>Header Files</Filter>
    </ClInclude>
    <ClInclude Include="NiPSysVortexFieldModifier.h">
      <Filter>Header Files</Filter>
    </ClInclude>
  </ItemGroup>
  <ItemGroup>
    <ClCompile Include="NiParticlePCH.cpp">
      <Filter>Source Files</Filter>
    </ClCompile>
    <ClCompile Include="NiParticleSDM.cpp">
      <Filter>Source Files</Filter>
    </ClCompile>
    <ClCompile Include="NiPSAirFieldAirFrictionCtlr.cpp">
      <Filter>Source Files</Filter>
    </ClCompile>
    <ClCompile Include="NiPSAirFieldForce.cpp">
      <Filter>Source Files</Filter>
    </ClCompile>
    <ClCompile Include="NiPSAirFieldInheritedVelocityCtlr.cpp">
      <Filter>Source Files</Filter>
    </ClCompile>
    <ClCompile Include="NiPSAirFieldSpreadCtlr.cpp">
      <Filter>Source Files</Filter>
    </ClCompile>
    <ClCompile Include="NiPSBombForce.cpp">
      <Filter>Source Files</Filter>
    </ClCompile>
    <ClCompile Include="NiPSBoundUpdater.cpp">
      <Filter>Source Files</Filter>
    </ClCompile>
    <ClCompile Include="NiPSBoxEmitter.cpp">
      <Filter>Source Files</Filter>
    </ClCompile>
    <ClCompile Include="NiPSCollider.cpp">
      <Filter>Source Files</Filter>
    </ClCompile>
    <ClCompile Include="NiPSCommonSemantics.cpp">
      <Filter>Source Files</Filter>
    </ClCompile>
    <ClCompile Include="NiPSConverter.cpp">
      <Filter>Source Files</Filter>
    </ClCompile>
    <ClCompile Include="NiPSCylinderEmitter.cpp">
      <Filter>Source Files</Filter>
    </ClCompile>
    <ClCompile Include="NiPSDragFieldForce.cpp">
      <Filter>Source Files</Filter>
    </ClCompile>
    <ClCompile Include="NiPSDragForce.cpp">
      <Filter>Source Files</Filter>
    </ClCompile>
    <ClCompile Include="NiPSEmitParticlesCtlr.cpp">
      <Filter>Source Files</Filter>
    </ClCompile>
    <ClCompile Include="NiPSEmitter.cpp">
      <Filter>Source Files</Filter>
    </ClCompile>
    <ClCompile Include="NiPSEmitterCtlr.cpp">
      <Filter>Source Files</Filter>
    </ClCompile>
    <ClCompile Include="NiPSEmitterDeclinationCtlr.cpp">
      <Filter>Source Files</Filter>
    </ClCompile>
    <ClCompile Include="NiPSEmitterDeclinationVarCtlr.cpp">
      <Filter>Source Files</Filter>
    </ClCompile>
    <ClCompile Include="NiPSEmitterFloatCtlr.cpp">
      <Filter>Source Files</Filter>
    </ClCompile>
    <ClCompile Include="NiPSEmitterLifeSpanCtlr.cpp">
      <Filter>Source Files</Filter>
    </ClCompile>
    <ClCompile Include="NiPSEmitterPlanarAngleCtlr.cpp">
      <Filter>Source Files</Filter>
    </ClCompile>
    <ClCompile Include="NiPSEmitterPlanarAngleVarCtlr.cpp">
      <Filter>Source Files</Filter>
    </ClCompile>
    <ClCompile Include="NiPSEmitterRadiusCtlr.cpp">
      <Filter>Source Files</Filter>
    </ClCompile>
    <ClCompile Include="NiPSEmitterRotAngleCtlr.cpp">
      <Filter>Source Files</Filter>
    </ClCompile>
    <ClCompile Include="NiPSEmitterRotAngleVarCtlr.cpp">
      <Filter>Source Files</Filter>
    </ClCompile>
    <ClCompile Include="NiPSEmitterRotSpeedCtlr.cpp">
      <Filter>Source Files</Filter>
    </ClCompile>
    <ClCompile Include="NiPSEmitterRotSpeedVarCtlr.cpp">
      <Filter>Source Files</Filter>
    </ClCompile>
    <ClCompile Include="NiPSEmitterSpeedCtlr.cpp">
      <Filter>Source Files</Filter>
    </ClCompile>
    <ClCompile Include="NiPSFacingQuadGenerator.cpp">
      <Filter>Source Files</Filter>
    </ClCompile>
    <ClCompile Include="NiPSFieldAttenuationCtlr.cpp">
      <Filter>Source Files</Filter>
    </ClCompile>
    <ClCompile Include="NiPSFieldForce.cpp">
      <Filter>Source Files</Filter>
    </ClCompile>
    <ClCompile Include="NiPSFieldMagnitudeCtlr.cpp">
      <Filter>Source Files</Filter>
    </ClCompile>
    <ClCompile Include="NiPSFieldMaxDistanceCtlr.cpp">
      <Filter>Source Files</Filter>
    </ClCompile>
    <ClCompile Include="NiPSForce.cpp">
      <Filter>Source Files</Filter>
    </ClCompile>
    <ClCompile Include="NiPSForceActiveCtlr.cpp">
      <Filter>Source Files</Filter>
    </ClCompile>
    <ClCompile Include="NiPSForceBoolCtlr.cpp">
      <Filter>Source Files</Filter>
    </ClCompile>
    <ClCompile Include="NiPSForceCtlr.cpp">
      <Filter>Source Files</Filter>
    </ClCompile>
    <ClCompile Include="NiPSForceFloatCtlr.cpp">
      <Filter>Source Files</Filter>
    </ClCompile>
    <ClCompile Include="NiPSGravityFieldForce.cpp">
      <Filter>Source Files</Filter>
    </ClCompile>
    <ClCompile Include="NiPSGravityForce.cpp">
      <Filter>Source Files</Filter>
    </ClCompile>
    <ClCompile Include="NiPSGravityStrengthCtlr.cpp">
      <Filter>Source Files</Filter>
    </ClCompile>
    <ClCompile Include="NiPSMeshEmitter.cpp">
      <Filter>Source Files</Filter>
    </ClCompile>
    <ClCompile Include="NiPSMeshParticleSystem.cpp">
      <Filter>Source Files</Filter>
    </ClCompile>
    <ClCompile Include="NiPSMetrics.cpp">
      <Filter>Source Files</Filter>
    </ClCompile>
    <ClCompile Include="NiPSParticleSystem.cpp">
      <Filter>Source Files</Filter>
    </ClCompile>
    <ClCompile Include="NiPSPlanarCollider.cpp">
      <Filter>Source Files</Filter>
    </ClCompile>
    <ClCompile Include="NiPSRadialFieldForce.cpp">
      <Filter>Source Files</Filter>
    </ClCompile>
    <ClCompile Include="NiPSResetOnLoopCtlr.cpp">
      <Filter>Source Files</Filter>
    </ClCompile>
    <ClCompile Include="NiPSSimulator.cpp">
      <Filter>Source Files</Filter>
    </ClCompile>
    <ClCompile Include="NiPSSimulatorCollidersStep.cpp">
      <Filter>Source Files</Filter>
    </ClCompile>
    <ClCompile Include="NiPSSimulatorFinalStep.cpp">
      <Filter>Source Files</Filter>
    </ClCompile>
    <ClCompile Include="NiPSSimulatorForcesStep.cpp">
      <Filter>Source Files</Filter>
    </ClCompile>
    <ClCompile Include="NiPSSimulatorGeneralStep.cpp">
      <Filter>Source Files</Filter>
    </ClCompile>
    <ClCompile Include="NiPSSimulatorStep.cpp">
      <Filter>Source Files</Filter>
    </ClCompile>
    <ClCompile Include="NiPSSpawner.cpp">
      <Filter>Source Files</Filter>
    </ClCompile>
    <ClCompile Include="NiPSSphereEmitter.cpp">
      <Filter>Source Files</Filter>
    </ClCompile>
    <ClCompile Include="NiPSSphericalCollider.cpp">
      <Filter>Source Files</Filter>
    </ClCompile>
    <ClCompile Include="NiPSTurbulenceFieldForce.cpp">
      <Filter>Source Files</Filter>
    </ClCompile>
    <ClCompile Include="NiPSVolumeEmitter.cpp">
      <Filter>Source Files</Filter>
    </ClCompile>
    <ClCompile Include="NiPSVortexFieldForce.cpp">
      <Filter>Source Files</Filter>
    </ClCompile>
    <ClCompile Include="_Deprecated\NiMeshParticleSystem.cpp">
      <Filter>Source Files</Filter>
    </ClCompile>
    <ClCompile Include="_Deprecated\NiMeshPSysData.cpp">
      <Filter>Source Files</Filter>
    </ClCompile>
    <ClCompile Include="_Deprecated\NiParticleInfo.cpp">
      <Filter>Source Files</Filter>
    </ClCompile>
    <ClCompile Include="_Deprecated\NiParticleSystem.cpp">
      <Filter>Source Files</Filter>
    </ClCompile>
    <ClCompile Include="_Deprecated\NiPSysAgeDeathModifier.cpp">
      <Filter>Source Files</Filter>
    </ClCompile>
    <ClCompile Include="_Deprecated\NiPSysAirFieldAirFrictionCtlr.cpp">
      <Filter>Source Files</Filter>
    </ClCompile>
    <ClCompile Include="_Deprecated\NiPSysAirFieldInheritVelocityCtlr.cpp">
      <Filter>Source Files</Filter>
    </ClCompile>
    <ClCompile Include="_Deprecated\NiPSysAirFieldModifier.cpp">
      <Filter>Source Files</Filter>
    </ClCompile>
    <ClCompile Include="_Deprecated\NiPSysAirFieldSpreadCtlr.cpp">
      <Filter>Source Files</Filter>
    </ClCompile>
    <ClCompile Include="_Deprecated\NiPSysBombModifier.cpp">
      <Filter>Source Files</Filter>
    </ClCompile>
    <ClCompile Include="_Deprecated\NiPSysBoundUpdateModifier.cpp">
      <Filter>Source Files</Filter>
    </ClCompile>
    <ClCompile Include="_Deprecated\NiPSysBoxEmitter.cpp">
      <Filter>Source Files</Filter>
    </ClCompile>
    <ClCompile Include="_Deprecated\NiPSysCollider.cpp">
      <Filter>Source Files</Filter>
    </ClCompile>
    <ClCompile Include="_Deprecated\NiPSysColliderManager.cpp">
      <Filter>Source Files</Filter>
    </ClCompile>
    <ClCompile Include="_Deprecated\NiPSysColorModifier.cpp">
      <Filter>Source Files</Filter>
    </ClCompile>
    <ClCompile Include="_Deprecated\NiPSysCylinderEmitter.cpp">
      <Filter>Source Files</Filter>
    </ClCompile>
    <ClCompile Include="_Deprecated\NiPSysData.cpp">
      <Filter>Source Files</Filter>
    </ClCompile>
    <ClCompile Include="_Deprecated\NiPSysDragFieldModifier.cpp">
      <Filter>Source Files</Filter>
    </ClCompile>
    <ClCompile Include="_Deprecated\NiPSysDragModifier.cpp">
      <Filter>Source Files</Filter>
    </ClCompile>
    <ClCompile Include="_Deprecated\NiPSysEmitter.cpp">
      <Filter>Source Files</Filter>
    </ClCompile>
    <ClCompile Include="_Deprecated\NiPSysEmitterCtlr.cpp">
      <Filter>Source Files</Filter>
    </ClCompile>
    <ClCompile Include="_Deprecated\NiPSysEmitterCtlrData.cpp">
      <Filter>Source Files</Filter>
    </ClCompile>
    <ClCompile Include="_Deprecated\NiPSysEmitterDeclinationCtlr.cpp">
      <Filter>Source Files</Filter>
    </ClCompile>
    <ClCompile Include="_Deprecated\NiPSysEmitterDeclinationVarCtlr.cpp">
      <Filter>Source Files</Filter>
    </ClCompile>
    <ClCompile Include="_Deprecated\NiPSysEmitterInitialRadiusCtlr.cpp">
      <Filter>Source Files</Filter>
    </ClCompile>
    <ClCompile Include="_Deprecated\NiPSysEmitterLifeSpanCtlr.cpp">
      <Filter>Source Files</Filter>
    </ClCompile>
    <ClCompile Include="_Deprecated\NiPSysEmitterPlanarAngleCtlr.cpp">
      <Filter>Source Files</Filter>
    </ClCompile>
    <ClCompile Include="_Deprecated\NiPSysEmitterPlanarAngleVarCtlr.cpp">
      <Filter>Source Files</Filter>
    </ClCompile>
    <ClCompile Include="_Deprecated\NiPSysEmitterSpeedCtlr.cpp">
      <Filter>Source Files</Filter>
    </ClCompile>
    <ClCompile Include="_Deprecated\NiPSysFieldAttenuationCtlr.cpp">
      <Filter>Source Files</Filter>
    </ClCompile>
    <ClCompile Include="_Deprecated\NiPSysFieldMagnitudeCtlr.cpp">
      <Filter>Source Files</Filter>
    </ClCompile>
    <ClCompile Include="_Deprecated\NiPSysFieldMaxDistanceCtlr.cpp">
      <Filter>Source Files</Filter>
    </ClCompile>
    <ClCompile Include="_Deprecated\NiPSysFieldModifier.cpp">
      <Filter>Source Files</Filter>
    </ClCompile>
    <ClCompile Include="_Deprecated\NiPSysGravityFieldModifier.cpp">
      <Filter>Source Files</Filter>
    </ClCompile>
    <ClCompile Include="_Deprecated\NiPSysGravityModifier.cpp">
      <Filter>Source Files</Filter>
    </ClCompile>
    <ClCompile Include="_Deprecated\NiPSysGravityStrengthCtlr.cpp">
      <Filter>Source Files</Filter>
    </ClCompile>
    <ClCompile Include="_Deprecated\NiPSysGrowFadeModifier.cpp">
      <Filter>Source Files</Filter>
    </ClCompile>
    <ClCompile Include="_Deprecated\NiPSysInitialRotAngleCtlr.cpp">
      <Filter>Source Files</Filter>
    </ClCompile>
    <ClCompile Include="_Deprecated\NiPSysInitialRotAngleVarCtlr.cpp">
      <Filter>Source Files</Filter>
    </ClCompile>
    <ClCompile Include="_Deprecated\NiPSysInitialRotSpeedCtlr.cpp">
      <Filter>Source Files</Filter>
    </ClCompile>
    <ClCompile Include="_Deprecated\NiPSysInitialRotSpeedVarCtlr.cpp">
      <Filter>Source Files</Filter>
    </ClCompile>
    <ClCompile Include="_Deprecated\NiPSysMeshEmitter.cpp">
      <Filter>Source Files</Filter>
    </ClCompile>
    <ClCompile Include="_Deprecated\NiPSysMeshUpdateModifier.cpp">
      <Filter>Source Files</Filter>
    </ClCompile>
    <ClCompile Include="_Deprecated\NiPSysModifier.cpp">
      <Filter>Source Files</Filter>
    </ClCompile>
    <ClCompile Include="_Deprecated\NiPSysModifierActiveCtlr.cpp">
      <Filter>Source Files</Filter>
    </ClCompile>
    <ClCompile Include="_Deprecated\NiPSysModifierBoolCtlr.cpp">
      <Filter>Source Files</Filter>
    </ClCompile>
    <ClCompile Include="_Deprecated\NiPSysModifierCtlr.cpp">
      <Filter>Source Files</Filter>
    </ClCompile>
    <ClCompile Include="_Deprecated\NiPSysModifierFloatCtlr.cpp">
      <Filter>Source Files</Filter>
    </ClCompile>
    <ClCompile Include="_Deprecated\NiPSysPlanarCollider.cpp">
      <Filter>Source Files</Filter>
    </ClCompile>
    <ClCompile Include="_Deprecated\NiPSysPositionModifier.cpp">
      <Filter>Source Files</Filter>
    </ClCompile>
    <ClCompile Include="_Deprecated\NiPSysRadialFieldModifier.cpp">
      <Filter>Source Files</Filter>
    </ClCompile>
    <ClCompile Include="_Deprecated\NiPSysResetOnLoopCtlr.cpp">
      <Filter>Source Files</Filter>
    </ClCompile>
    <ClCompile Include="_Deprecated\NiPSysRotationModifier.cpp">
      <Filter>Source Files</Filter>
    </ClCompile>
    <ClCompile Include="_Deprecated\NiPSysSpawnModifier.cpp">
      <Filter>Source Files</Filter>
    </ClCompile>
    <ClCompile Include="_Deprecated\NiPSysSphereEmitter.cpp">
      <Filter>Source Files</Filter>
    </ClCompile>
    <ClCompile Include="_Deprecated\NiPSysSphericalCollider.cpp">
      <Filter>Source Files</Filter>
    </ClCompile>
    <ClCompile Include="_Deprecated\NiPSysTurbulenceFieldModifier.cpp">
      <Filter>Source Files</Filter>
    </ClCompile>
    <ClCompile Include="_Deprecated\NiPSysUpdateCtlr.cpp">
      <Filter>Source Files</Filter>
    </ClCompile>
    <ClCompile Include="_Deprecated\NiPSysVolumeEmitter.cpp">
      <Filter>Source Files</Filter>
    </ClCompile>
    <ClCompile Include="_Deprecated\NiPSysVortexFieldModifier.cpp">
      <Filter>Source Files</Filter>
    </ClCompile>
    <ClCompile Include="Kernels\NiPSFacingQuadGeneratorKernel\NiPSFacingQuadGeneratorKernel.cpp">
      <Filter>Source Files</Filter>
    </ClCompile>
    <ClCompile Include="Kernels\NiPSSimulatorCollidersKernel\NiPSSimulatorCollidersKernel.cpp">
      <Filter>Source Files</Filter>
    </ClCompile>
    <ClCompile Include="Kernels\NiPSSimulatorFinalKernel\NiPSSimulatorFinalKernel.cpp">
      <Filter>Source Files</Filter>
    </ClCompile>
    <ClCompile Include="Kernels\NiPSSimulatorForcesKernel\NiPSSimulatorForcesKernel.cpp">
      <Filter>Source Files</Filter>
    </ClCompile>
    <ClCompile Include="Kernels\NiPSSimulatorGeneralKernel\NiPSSimulatorGeneralKernel.cpp">
      <Filter>Source Files</Filter>
    </ClCompile>
    <ClCompile Include="NiMeshParticleSystem.cpp">
      <Filter>Source Files</Filter>
    </ClCompile>
    <ClCompile Include="NiMeshPSysData.cpp">
      <Filter>Source Files</Filter>
    </ClCompile>
    <ClCompile Include="NiParticleInfo.cpp">
      <Filter>Source Files</Filter>
    </ClCompile>
    <ClCompile Include="NiParticleSystem.cpp">
      <Filter>Source Files</Filter>
    </ClCompile>
    <ClCompile Include="NiPSFacingQuadGeneratorKernel.cpp">
      <Filter>Source Files</Filter>
    </ClCompile>
    <ClCompile Include="NiPSSimulatorCollidersKernel.cpp">
      <Filter>Source Files</Filter>
    </ClCompile>
    <ClCompile Include="NiPSSimulatorFinalKernel.cpp">
      <Filter>Source Files</Filter>
    </ClCompile>
    <ClCompile Include="NiPSSimulatorForcesKernel.cpp">
      <Filter>Source Files</Filter>
    </ClCompile>
    <ClCompile Include="NiPSSimulatorGeneralKernel.cpp">
      <Filter>Source Files</Filter>
    </ClCompile>
    <ClCompile Include="NiPSysAgeDeathModifier.cpp">
      <Filter>Source Files</Filter>
    </ClCompile>
    <ClCompile Include="NiPSysAirFieldAirFrictionCtlr.cpp">
      <Filter>Source Files</Filter>
    </ClCompile>
    <ClCompile Include="NiPSysAirFieldInheritVelocityCtlr.cpp">
      <Filter>Source Files</Filter>
    </ClCompile>
    <ClCompile Include="NiPSysAirFieldModifier.cpp">
      <Filter>Source Files</Filter>
    </ClCompile>
    <ClCompile Include="NiPSysAirFieldSpreadCtlr.cpp">
      <Filter>Source Files</Filter>
    </ClCompile>
    <ClCompile Include="NiPSysBombModifier.cpp">
      <Filter>Source Files</Filter>
    </ClCompile>
    <ClCompile Include="NiPSysBoundUpdateModifier.cpp">
      <Filter>Source Files</Filter>
    </ClCompile>
    <ClCompile Include="NiPSysBoxEmitter.cpp">
      <Filter>Source Files</Filter>
    </ClCompile>
    <ClCompile Include="NiPSysCollider.cpp">
      <Filter>Source Files</Filter>
    </ClCompile>
    <ClCompile Include="NiPSysColliderManager.cpp">
      <Filter>Source Files</Filter>
    </ClCompile>
    <ClCompile Include="NiPSysColorModifier.cpp">
      <Filter>Source Files</Filter>
    </ClCompile>
    <ClCompile Include="NiPSysCylinderEmitter.cpp">
      <Filter>Source Files</Filter>
    </ClCompile>
    <ClCompile Include="NiPSysData.cpp">
      <Filter>Source Files</Filter>
    </ClCompile>
    <ClCompile Include="NiPSysDragFieldModifier.cpp">
      <Filter>Source Files</Filter>
    </ClCompile>
    <ClCompile Include="NiPSysDragModifier.cpp">
      <Filter>Source Files</Filter>
    </ClCompile>
    <ClCompile Include="NiPSysEmitter.cpp">
      <Filter>Source Files</Filter>
    </ClCompile>
    <ClCompile Include="NiPSysEmitterCtlr.cpp">
      <Filter>Source Files</Filter>
    </ClCompile>
    <ClCompile Include="NiPSysEmitterCtlrData.cpp">
      <Filter>Source Files</Filter>
    </ClCompile>
    <ClCompile Include="NiPSysEmitterDeclinationCtlr.cpp">
      <Filter>Source Files</Filter>
    </ClCompile>
    <ClCompile Include="NiPSysEmitterDeclinationVarCtlr.cpp">
      <Filter>Source Files</Filter>
    </ClCompile>
    <ClCompile Include="NiPSysEmitterInitialRadiusCtlr.cpp">
      <Filter>Source Files</Filter>
    </ClCompile>
    <ClCompile Include="NiPSysEmitterLifeSpanCtlr.cpp">
      <Filter>Source Files</Filter>
    </ClCompile>
    <ClCompile Include="NiPSysEmitterPlanarAngleCtlr.cpp">
      <Filter>Source Files</Filter>
    </ClCompile>
    <ClCompile Include="NiPSysEmitterPlanarAngleVarCtlr.cpp">
      <Filter>Source Files</Filter>
    </ClCompile>
    <ClCompile Include="NiPSysEmitterSpeedCtlr.cpp">
      <Filter>Source Files</Filter>
    </ClCompile>
    <ClCompile Include="NiPSysFieldAttenuationCtlr.cpp">
      <Filter>Source Files</Filter>
    </ClCompile>
    <ClCompile Include="NiPSysFieldMagnitudeCtlr.cpp">
      <Filter>Source Files</Filter>
    </ClCompile>
    <ClCompile Include="NiPSysFieldMaxDistanceCtlr.cpp">
      <Filter>Source Files</Filter>
    </ClCompile>
    <ClCompile Include="NiPSysFieldModifier.cpp">
      <Filter>Source Files</Filter>
    </ClCompile>
    <ClCompile Include="NiPSysGravityFieldModifier.cpp">
      <Filter>Source Files</Filter>
    </ClCompile>
    <ClCompile Include="NiPSysGravityModifier.cpp">
      <Filter>Source Files</Filter>
    </ClCompile>
    <ClCompile Include="NiPSysGravityStrengthCtlr.cpp">
      <Filter>Source Files</Filter>
    </ClCompile>
    <ClCompile Include="NiPSysGrowFadeModifier.cpp">
      <Filter>Source Files</Filter>
    </ClCompile>
    <ClCompile Include="NiPSysInitialRotAngleCtlr.cpp">
      <Filter>Source Files</Filter>
    </ClCompile>
    <ClCompile Include="NiPSysInitialRotAngleVarCtlr.cpp">
      <Filter>Source Files</Filter>
    </ClCompile>
    <ClCompile Include="NiPSysInitialRotSpeedCtlr.cpp">
      <Filter>Source Files</Filter>
    </ClCompile>
    <ClCompile Include="NiPSysInitialRotSpeedVarCtlr.cpp">
      <Filter>Source Files</Filter>
    </ClCompile>
    <ClCompile Include="NiPSysMeshEmitter.cpp">
      <Filter>Source Files</Filter>
    </ClCompile>
    <ClCompile Include="NiPSysMeshUpdateModifier.cpp">
      <Filter>Source Files</Filter>
    </ClCompile>
    <ClCompile Include="NiPSysModifier.cpp">
      <Filter>Source Files</Filter>
    </ClCompile>
    <ClCompile Include="NiPSysModifierActiveCtlr.cpp">
      <Filter>Source Files</Filter>
    </ClCompile>
    <ClCompile Include="NiPSysModifierBoolCtlr.cpp">
      <Filter>Source Files</Filter>
    </ClCompile>
    <ClCompile Include="NiPSysModifierCtlr.cpp">
      <Filter>Source Files</Filter>
    </ClCompile>
    <ClCompile Include="NiPSysModifierFloatCtlr.cpp">
      <Filter>Source Files</Filter>
    </ClCompile>
    <ClCompile Include="NiPSysPlanarCollider.cpp">
      <Filter>Source Files</Filter>
    </ClCompile>
    <ClCompile Include="NiPSysPositionModifier.cpp">
      <Filter>Source Files</Filter>
    </ClCompile>
    <ClCompile Include="NiPSysRadialFieldModifier.cpp">
      <Filter>Source Files</Filter>
    </ClCompile>
    <ClCompile Include="NiPSysResetOnLoopCtlr.cpp">
      <Filter>Source Files</Filter>
    </ClCompile>
    <ClCompile Include="NiPSysRotationModifier.cpp">
      <Filter>Source Files</Filter>
    </ClCompile>
    <ClCompile Include="NiPSysSpawnModifier.cpp">
      <Filter>Source Files</Filter>
    </ClCompile>
    <ClCompile Include="NiPSysSphereEmitter.cpp">
      <Filter>Source Files</Filter>
    </ClCompile>
    <ClCompile Include="NiPSysSphericalCollider.cpp">
      <Filter>Source Files</Filter>
    </ClCompile>
    <ClCompile Include="NiPSysTurbulenceFieldModifier.cpp">
      <Filter>Source Files</Filter>
    </ClCompile>
    <ClCompile Include="NiPSysUpdateCtlr.cpp">
      <Filter>Source Files</Filter>
    </ClCompile>
    <ClCompile Include="NiPSysVolumeEmitter.cpp">
      <Filter>Source Files</Filter>
    </ClCompile>
    <ClCompile Include="NiPSysVortexFieldModifier.cpp">
      <Filter>Source Files</Filter>
    </ClCompile>
  </ItemGroup>
  <ItemGroup>
    <None Include="NiPSAirFieldForce.inl">
      <Filter>Header Files</Filter>
    </None>
    <None Include="NiPSBombForce.inl">
      <Filter>Header Files</Filter>
    </None>
    <None Include="NiPSBoundUpdater.inl">
      <Filter>Header Files</Filter>
    </None>
    <None Include="NiPSBoxEmitter.inl">
      <Filter>Header Files</Filter>
    </None>
    <None Include="NiPSCollider.inl">
      <Filter>Header Files</Filter>
    </None>
    <None Include="NiPSColliderHelpers.inl">
      <Filter>Header Files</Filter>
    </None>
    <None Include="NiPSCommonSemantics.inl">
      <Filter>Header Files</Filter>
    </None>
    <None Include="NiPSConverter.inl">
      <Filter>Header Files</Filter>
    </None>
    <None Include="NiPSCylinderEmitter.inl">
      <Filter>Header Files</Filter>
    </None>
    <None Include="NiPSDragFieldForce.inl">
      <Filter>Header Files</Filter>
    </None>
    <None Include="NiPSDragForce.inl">
      <Filter>Header Files</Filter>
    </None>
    <None Include="NiPSEmitter.inl">
      <Filter>Header Files</Filter>
    </None>
    <None Include="NiPSEmitterCtlr.inl">
      <Filter>Header Files</Filter>
    </None>
    <None Include="NiPSFieldForce.inl">
      <Filter>Header Files</Filter>
    </None>
    <None Include="NiPSFlagsHelpers.inl">
      <Filter>Header Files</Filter>
    </None>
    <None Include="NiPSForce.inl">
      <Filter>Header Files</Filter>
    </None>
    <None Include="NiPSForceCtlr.inl">
      <Filter>Header Files</Filter>
    </None>
    <None Include="NiPSForceHelpers.inl">
      <Filter>Header Files</Filter>
    </None>
    <None Include="NiPSGravityFieldForce.inl">
      <Filter>Header Files</Filter>
    </None>
    <None Include="NiPSGravityForce.inl">
      <Filter>Header Files</Filter>
    </None>
    <None Include="NiPSMeshEmitter.inl">
      <Filter>Header Files</Filter>
    </None>
    <None Include="NiPSMeshParticleSystem.inl">
      <Filter>Header Files</Filter>
    </None>
    <None Include="NiPSParticleSystem.inl">
      <Filter>Header Files</Filter>
    </None>
    <None Include="NiPSPlanarCollider.inl">
      <Filter>Header Files</Filter>
    </None>
    <None Include="NiPSRadialFieldForce.inl">
      <Filter>Header Files</Filter>
    </None>
    <None Include="NiPSSimulator.inl">
      <Filter>Header Files</Filter>
    </None>
    <None Include="NiPSSimulatorCollidersStep.inl">
      <Filter>Header Files</Filter>
    </None>
    <None Include="NiPSSimulatorForcesStep.inl">
      <Filter>Header Files</Filter>
    </None>
    <None Include="NiPSSimulatorGeneralStep.inl">
      <Filter>Header Files</Filter>
    </None>
    <None Include="NiPSSimulatorKernelHelpers.inl">
      <Filter>Header Files</Filter>
    </None>
    <None Include="NiPSSimulatorStep.inl">
      <Filter>Header Files</Filter>
    </None>
    <None Include="NiPSSpawner.inl">
      <Filter>Header Files</Filter>
    </None>
    <None Include="NiPSSphereEmitter.inl">
      <Filter>Header Files</Filter>
    </None>
    <None Include="NiPSSphericalCollider.inl">
      <Filter>Header Files</Filter>
    </None>
    <None Include="NiPSTurbulenceFieldForce.inl">
      <Filter>Header Files</Filter>
    </None>
    <None Include="NiPSVolumeEmitter.inl">
      <Filter>Header Files</Filter>
    </None>
    <None Include="NiPSVortexFieldForce.inl">
      <Filter>Header Files</Filter>
    </None>
    <None Include="_Deprecated\NiMeshPSysData.inl">
      <Filter>Header Files</Filter>
    </None>
    <None Include="_Deprecated\NiParticleSystem.inl">
      <Filter>Header Files</Filter>
    </None>
    <None Include="_Deprecated\NiPSysAgeDeathModifier.inl">
      <Filter>Header Files</Filter>
    </None>
    <None Include="_Deprecated\NiPSysAirFieldModifier.inl">
      <Filter>Header Files</Filter>
    </None>
    <None Include="_Deprecated\NiPSysBombModifier.inl">
      <Filter>Header Files</Filter>
    </None>
    <None Include="_Deprecated\NiPSysBoundUpdateModifier.inl">
      <Filter>Header Files</Filter>
    </None>
    <None Include="_Deprecated\NiPSysBoxEmitter.inl">
      <Filter>Header Files</Filter>
    </None>
    <None Include="_Deprecated\NiPSysCollider.inl">
      <Filter>Header Files</Filter>
    </None>
    <None Include="_Deprecated\NiPSysColliderManager.inl">
      <Filter>Header Files</Filter>
    </None>
    <None Include="_Deprecated\NiPSysColorModifier.inl">
      <Filter>Header Files</Filter>
    </None>
    <None Include="_Deprecated\NiPSysCylinderEmitter.inl">
      <Filter>Header Files</Filter>
    </None>
    <None Include="_Deprecated\NiPSysData.inl">
      <Filter>Header Files</Filter>
    </None>
    <None Include="_Deprecated\NiPSysDragFieldModifier.inl">
      <Filter>Header Files</Filter>
    </None>
    <None Include="_Deprecated\NiPSysDragModifier.inl">
      <Filter>Header Files</Filter>
    </None>
    <None Include="_Deprecated\NiPSysEmitter.inl">
      <Filter>Header Files</Filter>
    </None>
    <None Include="_Deprecated\NiPSysEmitterCtlrData.inl">
      <Filter>Header Files</Filter>
    </None>
    <None Include="_Deprecated\NiPSysFieldModifier.inl">
      <Filter>Header Files</Filter>
    </None>
    <None Include="_Deprecated\NiPSysGravityFieldModifier.inl">
      <Filter>Header Files</Filter>
    </None>
    <None Include="_Deprecated\NiPSysGravityModifier.inl">
      <Filter>Header Files</Filter>
    </None>
    <None Include="_Deprecated\NiPSysGrowFadeModifier.inl">
      <Filter>Header Files</Filter>
    </None>
    <None Include="_Deprecated\NiPSysMeshEmitter.inl">
      <Filter>Header Files</Filter>
    </None>
    <None Include="_Deprecated\NiPSysMeshUpdateModifier.inl">
      <Filter>Header Files</Filter>
    </None>
    <None Include="_Deprecated\NiPSysModifier.inl">
      <Filter>Header Files</Filter>
    </None>
    <None Include="_Deprecated\NiPSysModifierCtlr.inl">
      <Filter>Header Files</Filter>
    </None>
    <None Include="_Deprecated\NiPSysPlanarCollider.inl">
      <Filter>Header Files</Filter>
    </None>
    <None Include="_Deprecated\NiPSysRadialFieldModifier.inl">
      <Filter>Header Files</Filter>
    </None>
    <None Include="_Deprecated\NiPSysRotationModifier.inl">
      <Filter>Header Files</Filter>
    </None>
    <None Include="_Deprecated\NiPSysSpawnModifier.inl">
      <Filter>Header Files</Filter>
    </None>
    <None Include="_Deprecated\NiPSysSphereEmitter.inl">
      <Filter>Header Files</Filter>
    </None>
    <None Include="_Deprecated\NiPSysSphericalCollider.inl">
      <Filter>Header Files</Filter>
    </None>
    <None Include="_Deprecated\NiPSysTurbulenceFieldModifier.inl">
      <Filter>Header Files</Filter>
    </None>
    <None Include="_Deprecated\NiPSysVolumeEmitter.inl">
      <Filter>Header Files</Filter>
    </None>
    <None Include="_Deprecated\NiPSysVortexFieldModifier.inl">
      <Filter>Header Files</Filter>
    </None>
    <None Include="NiMeshPSysData.inl">
      <Filter>Header Files</Filter>
    </None>
    <None Include="NiParticleSystem.inl">
      <Filter>Header Files</Filter>
    </None>
    <None Include="NiPSysAgeDeathModifier.inl">
      <Filter>Header Files</Filter>
    </None>
    <None Include="NiPSysAirFieldModifier.inl">
      <Filter>Header Files</Filter>
    </None>
    <None Include="NiPSysBombModifier.inl">
      <Filter>Header Files</Filter>
    </None>
    <None Include="NiPSysBoundUpdateModifier.inl">
      <Filter>Header Files</Filter>
    </None>
    <None Include="NiPSysBoxEmitter.inl">
      <Filter>Header Files</Filter>
    </None>
    <None Include="NiPSysCollider.inl">
      <Filter>Header Files</Filter>
    </None>
    <None Include="NiPSysColliderManager.inl">
      <Filter>Header Files</Filter>
    </None>
    <None Include="NiPSysColorModifier.inl">
      <Filter>Header Files</Filter>
    </None>
    <None Include="NiPSysCylinderEmitter.inl">
      <Filter>Header Files</Filter>
    </None>
    <None Include="NiPSysData.inl">
      <Filter>Header Files</Filter>
    </None>
    <None Include="NiPSysDragFieldModifier.inl">
      <Filter>Header Files</Filter>
    </None>
    <None Include="NiPSysDragModifier.inl">
      <Filter>Header Files</Filter>
    </None>
    <None Include="NiPSysEmitter.inl">
      <Filter>Header Files</Filter>
    </None>
    <None Include="NiPSysEmitterCtlrData.inl">
      <Filter>Header Files</Filter>
    </None>
    <None Include="NiPSysFieldModifier.inl">
      <Filter>Header Files</Filter>
    </None>
    <None Include="NiPSysGravityFieldModifier.inl">
      <Filter>Header Files</Filter>
    </None>
    <None Include="NiPSysGravityModifier.inl">
      <Filter>Header Files</Filter>
    </None>
    <None Include="NiPSysGrowFadeModifier.inl">
      <Filter>Header Files</Filter>
    </None>
    <None Include="NiPSysMeshEmitter.inl">
      <Filter>Header Files</Filter>
    </None>
    <None Include="NiPSysMeshUpdateModifier.inl">
      <Filter>Header Files</Filter>
    </None>
    <None Include="NiPSysModifier.inl">
      <Filter>Header Files</Filter>
    </None>
    <None Include="NiPSysModifierCtlr.inl">
      <Filter>Header Files</Filter>
    </None>
    <None Include="NiPSysPlanarCollider.inl">
      <Filter>Header Files</Filter>
    </None>
    <None Include="NiPSysRadialFieldModifier.inl">
      <Filter>Header Files</Filter>
    </None>
    <None Include="NiPSysRotationModifier.inl">
      <Filter>Header Files</Filter>
    </None>
    <None Include="NiPSysSpawnModifier.inl">
      <Filter>Header Files</Filter>
    </None>
    <None Include="NiPSysSphereEmitter.inl">
      <Filter>Header Files</Filter>
    </None>
    <None Include="NiPSysSphericalCollider.inl">
      <Filter>Header Files</Filter>
    </None>
    <None Include="NiPSysTurbulenceFieldModifier.inl">
      <Filter>Header Files</Filter>
    </None>
    <None Include="NiPSysVolumeEmitter.inl">
      <Filter>Header Files</Filter>
    </None>
    <None Include="NiPSysVortexFieldModifier.inl">
      <Filter>Header Files</Filter>
    </None>
  </ItemGroup>
</Project>