<?xml version="1.0" encoding="utf-8"?>
<Project ToolsVersion="4.0" xmlns="http://schemas.microsoft.com/developer/msbuild/2003">
  <ItemGroup>
    <Filter Include="Source Files">
      <UniqueIdentifier>{4FC737F1-C7A5-4376-A066-2A32D752A2FF}</UniqueIdentifier>
      <Extensions>cpp;c;cc;cxx;c++;cppm;ixx;def;odl;idl;hpj;bat;asm;asmx</Extensions>
    </Filter>
    <Filter Include="Header Files">
      <UniqueIdentifier>{93995380-89BD-4b04-88EB-625FBE52EBFB}</UniqueIdentifier>
      <Extensions>h;hh;hpp;hxx;h++;hm;inl;inc;ipp;xsd</Extensions>
    </Filter>
    <Filter Include="Resource Files">
      <UniqueIdentifier>{67DA6AB6-F800-4c08-8B7A-83BB121AAD01}</UniqueIdentifier>
      <Extensions>rc;ico;cur;bmp;dlg;rc2;rct;bin;rgs;gif;jpg;jpeg;jpe;resx;tiff;tif;png;wav;mfcribbon-ms</Extensions>
    </Filter>
  </ItemGroup>
  <ItemGroup>
    <ClInclude Include="NiDeformablePoint.h">
      <Filter>Header Files</Filter>
    </ClInclude>
    <ClInclude Include="NiDeformablePointSet.h">
      <Filter>Header Files</Filter>
    </ClInclude>
    <ClInclude Include="NiDynamicStreamCache.h">
      <Filter>Header Files</Filter>
    </ClInclude>
    <ClInclude Include="NiIndex.h">
      <Filter>Header Files</Filter>
    </ClInclude>
    <ClInclude Include="NiMetaData.h">
      <Filter>Header Files</Filter>
    </ClInclude>
    <ClInclude Include="NiMetaDataStore.h">
      <Filter>Header Files</Filter>
    </ClInclude>
    <ClInclude Include="NiRay.h">
      <Filter>Header Files</Filter>
    </ClInclude>
    <ClInclude Include="NiSurface.h">
      <Filter>Header Files</Filter>
    </ClInclude>
    <ClInclude Include="NiSurfaceMask.h">
      <Filter>Header Files</Filter>
    </ClInclude>
    <ClInclude Include="NiSurfaceMaskPixel.h">
      <Filter>Header Files</Filter>
    </ClInclude>
    <ClInclude Include="NiSurfacePackage.h">
      <Filter>Header Files</Filter>
    </ClInclude>
    <ClInclude Include="NiSurfacePalette.h">
      <Filter>Header Files</Filter>
    </ClInclude>
    <ClInclude Include="NiTArray2D.h">
      <Filter>Header Files</Filter>
    </ClInclude>
    <ClInclude Include="NiTerrain.h">
      <Filter>Header Files</Filter>
    </ClInclude>
    <ClInclude Include="NiTerrainBlock.h">
      <Filter>Header Files</Filter>
    </ClInclude>
    <ClInclude Include="NiTerrainComponent.h">
      <Filter>Header Files</Filter>
    </ClInclude>
    <ClInclude Include="NiTerrainConfiguration.h">
      <Filter>Header Files</Filter>
    </ClInclude>
    <ClInclude Include="NiTerrainDataLeaf.h">
      <Filter>Header Files</Filter>
    </ClInclude>
    <ClInclude Include="NiTerrainDecal.h">
      <Filter>Header Files</Filter>
    </ClInclude>
    <ClInclude Include="NiTerrainDecalManager.h">
      <Filter>Header Files</Filter>
    </ClInclude>
    <ClInclude Include="NiTerrainInteractor.h">
      <Filter>Header Files</Filter>
    </ClInclude>
    <ClInclude Include="NiTerrainLib.h">
      <Filter>Header Files</Filter>
    </ClInclude>
    <ClInclude Include="NiTerrainLibType.h">
      <Filter>Header Files</Filter>
    </ClInclude>
    <ClInclude Include="NiTerrainMaterial.h">
      <Filter>Header Files</Filter>
    </ClInclude>
    <ClInclude Include="NiTerrainMaterialDescriptor.h">
      <Filter>Header Files</Filter>
    </ClInclude>
    <ClInclude Include="NiTerrainMaterialNodeLibrary.h">
      <Filter>Header Files</Filter>
    </ClInclude>
    <ClInclude Include="NiTerrainMaterialPixelDescriptor.h">
      <Filter>Header Files</Filter>
    </ClInclude>
    <ClInclude Include="NiTerrainMaterialVertexDescriptor.h">
      <Filter>Header Files</Filter>
    </ClInclude>
    <ClInclude Include="NiTerrainPCH.h">
      <Filter>Header Files</Filter>
    </ClInclude>
    <ClInclude Include="NiTerrainSDM.h">
      <Filter>Header Files</Filter>
    </ClInclude>
    <ClInclude Include="NiTerrainSector.h">
      <Filter>Header Files</Filter>
    </ClInclude>
    <ClInclude Include="NiTerrainSectorComponent.h">
      <Filter>Header Files</Filter>
    </ClInclude>
    <ClInclude Include="NiTerrainSectorData.h">
      <Filter>Header Files</Filter>
    </ClInclude>
    <ClInclude Include="NiTerrainSectorFile.h">
      <Filter>Header Files</Filter>
    </ClInclude>
    <ClInclude Include="NiTerrainSectorFileVersion1.h">
      <Filter>Header Files</Filter>
    </ClInclude>
    <ClInclude Include="NiTerrainUtils.h">
      <Filter>Header Files</Filter>
    </ClInclude>
    <ClInclude Include="NiTerrainVertex.h">
      <Filter>Header Files</Filter>
    </ClInclude>
    <ClInclude Include="NiTQuickReleasePool.h">
      <Filter>Header Files</Filter>
    </ClInclude>
    <ClInclude Include="NiTTerrainRandomAccessIterator.h">
      <Filter>Header Files</Filter>
    </ClInclude>
    <ClInclude Include="NiUCharPool.h">
      <Filter>Header Files</Filter>
    </ClInclude>
    <ClInclude Include="NiWater.h">
      <Filter>Header Files</Filter>
    </ClInclude>
    <ClInclude Include="NiWaterComponent.h">
      <Filter>Header Files</Filter>
    </ClInclude>
    <ClInclude Include="NiWaterMaterial.h">
      <Filter>Header Files</Filter>
    </ClInclude>
    <ClInclude Include="NiWaterMaterialDescriptor.h">
      <Filter>Header Files</Filter>
    </ClInclude>
    <ClInclude Include="NiWaterMaterialNodeLibrary.h">
      <Filter>Header Files</Filter>
    </ClInclude>
    <ClInclude Include="NiWaterMaterialPixelDescriptor.h">
      <Filter>Header Files</Filter>
    </ClInclude>
    <ClInclude Include="NiWaterMaterialVertexDescriptor.h">
      <Filter>Header Files</Filter>
    </ClInclude>
  </ItemGroup>
  <ItemGroup>
    <None Include="NiDeformablePoint.inl">
      <Filter>Header Files</Filter>
    </None>
    <None Include="NiDeformablePointSet.inl">
      <Filter>Header Files</Filter>
    </None>
    <None Include="NiIndex.inl">
      <Filter>Header Files</Filter>
    </None>
    <None Include="NiMetaData.inl">
      <Filter>Header Files</Filter>
    </None>
    <None Include="NiRay.inl">
      <Filter>Header Files</Filter>
    </None>
    <None Include="NiSurfaceMask.inl">
      <Filter>Header Files</Filter>
    </None>
    <None Include="NiSurfaceMaskPixel.inl">
      <Filter>Header Files</Filter>
    </None>
    <None Include="NiTArray2D.inl">
      <Filter>Header Files</Filter>
    </None>
    <None Include="NiTerrain.inl">
      <Filter>Header Files</Filter>
    </None>
    <None Include="NiTerrainBlock.inl">
      <Filter>Header Files</Filter>
    </None>
    <None Include="NiTerrainComponent.inl">
      <Filter>Header Files</Filter>
    </None>
    <None Include="NiTerrainConfiguration.inl">
      <Filter>Header Files</Filter>
    </None>
    <None Include="NiTerrainDataLeaf.inl">
      <Filter>Header Files</Filter>
    </None>
    <None Include="NiTerrainInteractor.inl">
      <Filter>Header Files</Filter>
    </None>
    <None Include="NiTerrainMaterial.inl">
      <Filter>Header Files</Filter>
    </None>
    <None Include="NiTerrainSector.inl">
      <Filter>Header Files</Filter>
    </None>
    <None Include="NiTerrainSectorCollision.inl">
      <Filter>Header Files</Filter>
    </None>
    <None Include="NiTerrainSectorComponent.inl">
      <Filter>Header Files</Filter>
    </None>
    <None Include="NiTerrainSectorData.inl">
      <Filter>Header Files</Filter>
    </None>
    <None Include="NiTerrainSectorFile.inl">
      <Filter>Header Files</Filter>
    </None>
    <None Include="NiTerrainUtils.inl">
      <Filter>Header Files</Filter>
    </None>
    <None Include="NiTerrainVertex.inl">
      <Filter>Header Files</Filter>
    </None>
    <None Include="NiTQuickReleasePool.inl">
      <Filter>Header Files</Filter>
    </None>
    <None Include="NiTTerrainRandomAccessIterator.inl">
      <Filter>Header Files</Filter>
    </None>
    <None Include="NiUCharPool.inl">
      <Filter>Header Files</Filter>
    </None>
    <None Include="NiWater.inl">
      <Filter>Header Files</Filter>
    </None>
    <None Include="NiWaterComponent.inl">
      <Filter>Header Files</Filter>
    </None>
  </ItemGroup>
  <ItemGroup>
    <ClCompile Include="NiDynamicStreamCache.cpp">
      <Filter>Source Files</Filter>
    </ClCompile>
    <ClCompile Include="NiIndex.cpp">
      <Filter>Source Files</Filter>
    </ClCompile>
    <ClCompile Include="NiMetaData.cpp">
      <Filter>Source Files</Filter>
    </ClCompile>
    <ClCompile Include="NiMetaDataStore.cpp">
      <Filter>Source Files</Filter>
    </ClCompile>
    <ClCompile Include="NiSurface.cpp">
      <Filter>Source Files</Filter>
    </ClCompile>
    <ClCompile Include="NiSurfacePackage.cpp">
      <Filter>Source Files</Filter>
    </ClCompile>
    <ClCompile Include="NiSurfacePalette.cpp">
      <Filter>Source Files</Filter>
    </ClCompile>
    <ClCompile Include="NiTerrain.cpp">
      <Filter>Source Files</Filter>
    </ClCompile>
    <ClCompile Include="NiTerrainBlock.cpp">
      <Filter>Source Files</Filter>
    </ClCompile>
    <ClCompile Include="NiTerrainComponent.cpp">
      <Filter>Source Files</Filter>
    </ClCompile>
    <ClCompile Include="NiTerrainConfiguration.cpp">
      <Filter>Source Files</Filter>
    </ClCompile>
    <ClCompile Include="NiTerrainDataLeaf.cpp">
      <Filter>Source Files</Filter>
    </ClCompile>
    <ClCompile Include="NiTerrainDecal.cpp">
      <Filter>Source Files</Filter>
    </ClCompile>
    <ClCompile Include="NiTerrainDecalManager.cpp">
      <Filter>Source Files</Filter>
    </ClCompile>
    <ClCompile Include="NiTerrainInteractor.cpp">
      <Filter>Source Files</Filter>
    </ClCompile>
    <ClCompile Include="NiTerrainMaterial.cpp">
      <Filter>Source Files</Filter>
    </ClCompile>
    <ClCompile Include="NiTerrainMaterialDescriptor.cpp">
      <Filter>Source Files</Filter>
    </ClCompile>
    <ClCompile Include="NiTerrainMaterialNodeLibrary.cpp">
      <Filter>Source Files</Filter>
    </ClCompile>
    <ClCompile Include="NiTerrainMaterialPixelDescriptor.cpp">
      <Filter>Source Files</Filter>
    </ClCompile>
    <ClCompile Include="NiTerrainMaterialVertexDescriptor.cpp">
      <Filter>Source Files</Filter>
    </ClCompile>
    <ClCompile Include="NiTerrainPCH.cpp">
      <Filter>Source Files</Filter>
    </ClCompile>
    <ClCompile Include="NiTerrainSDM.cpp">
      <Filter>Source Files</Filter>
    </ClCompile>
    <ClCompile Include="NiTerrainSector.cpp">
      <Filter>Source Files</Filter>
    </ClCompile>
    <ClCompile Include="NiTerrainSectorCollision.cpp">
      <Filter>Source Files</Filter>
    </ClCompile>
    <ClCompile Include="NiTerrainSectorComponent.cpp">
      <Filter>Source Files</Filter>
    </ClCompile>
    <ClCompile Include="NiTerrainSectorData.cpp">
      <Filter>Source Files</Filter>
    </ClCompile>
    <ClCompile Include="NiTerrainSectorFile.cpp">
      <Filter>Source Files</Filter>
    </ClCompile>
    <ClCompile Include="NiTerrainSectorFileVersion1.cpp">
      <Filter>Source Files</Filter>
    </ClCompile>
    <ClCompile Include="NiTerrainSectorIO.cpp">
      <Filter>Source Files</Filter>
    </ClCompile>
    <ClCompile Include="NiTerrainUtils.cpp">
      <Filter>Source Files</Filter>
    </ClCompile>
    <ClCompile Include="NiWater.cpp">
      <Filter>Source Files</Filter>
    </ClCompile>
    <ClCompile Include="NiWaterComponent.cpp">
      <Filter>Source Files</Filter>
    </ClCompile>
    <ClCompile Include="NiWaterMaterial.cpp">
      <Filter>Source Files</Filter>
    </ClCompile>
    <ClCompile Include="NiWaterMaterialNodeLibrary.cpp">
      <Filter>Source Files</Filter>
    </ClCompile>
    <ClCompile Include="NiWaterMaterialPixelDescriptor.cpp">
      <Filter>Source Files</Filter>
    </ClCompile>
    <ClCompile Include="NiWaterMaterialVertexDescriptor.cpp">
      <Filter>Source Files</Filter>
    </ClCompile>
  </ItemGroup>
</Project>