<?xml version="1.0" encoding="utf-8"?>
<Project ToolsVersion="4.0" xmlns="http://schemas.microsoft.com/developer/msbuild/2003">
  <ItemGroup>
    <Filter Include="Source Files">
      <UniqueIdentifier>{4FC737F1-C7A5-4376-A066-2A32D752A2FF}</UniqueIdentifier>
      <Extensions>cpp;c;cc;cxx;c++;cppm;ixx;def;odl;idl;hpj;bat;asm;asmx</Extensions>
    </Filter>
    <Filter Include="Header Files">
      <UniqueIdentifier>{93995380-89BD-4b04-88EB-625FBE52EBFB}</UniqueIdentifier>
      <Extensions>h;hh;hpp;hxx;h++;hm;inl;inc;ipp;xsd</Extensions>
    </Filter>
    <Filter Include="Resource Files">
      <UniqueIdentifier>{67DA6AB6-F800-4c08-8B7A-83BB121AAD01}</UniqueIdentifier>
      <Extensions>rc;ico;cur;bmp;dlg;rc2;rct;bin;rgs;gif;jpg;jpeg;jpe;resx;tiff;tif;png;wav;mfcribbon-ms</Extensions>
    </Filter>
  </ItemGroup>
  <ItemGroup>
    <ClCompile Include="NiCubeMapDepthStencilBuffer.cpp">
      <Filter>Source Files</Filter>
    </ClCompile>
    <ClCompile Include="NiD3D10DataStream.cpp">
      <Filter>Source Files</Filter>
    </ClCompile>
    <ClCompile Include="NiD3D10DataStreamFactory.cpp">
      <Filter>Source Files</Filter>
    </ClCompile>
    <ClCompile Include="NiD3D10DeviceState.cpp">
      <Filter>Source Files</Filter>
    </ClCompile>
    <ClCompile Include="NiD3D10Direct3DTexture.cpp">
      <Filter>Source Files</Filter>
    </ClCompile>
    <ClCompile Include="NiD3D10Direct3DTextureData.cpp">
      <Filter>Source Files</Filter>
    </ClCompile>
    <ClCompile Include="NiD3D10DynamicTextureData.cpp">
      <Filter>Source Files</Filter>
    </ClCompile>
    <ClCompile Include="NiD3D10Error.cpp">
      <Filter>Source Files</Filter>
    </ClCompile>
    <ClCompile Include="NiD3D10ErrorShader.cpp">
      <Filter>Source Files</Filter>
    </ClCompile>
    <ClCompile Include="NiD3D10FragmentShader.cpp">
      <Filter>Source Files</Filter>
    </ClCompile>
    <ClCompile Include="NiD3D10GeometryShader.cpp">
      <Filter>Source Files</Filter>
    </ClCompile>
    <ClCompile Include="NiD3D10GPUProgramCache.cpp">
      <Filter>Source Files</Filter>
    </ClCompile>
    <ClCompile Include="NiD3D10MeshMaterialBinding.cpp">
      <Filter>Source Files</Filter>
    </ClCompile>
    <ClCompile Include="NiD3D10Pass.cpp">
      <Filter>Source Files</Filter>
    </ClCompile>
    <ClCompile Include="NiD3D10PersistentSrcTextureRendererData.cpp">
      <Filter>Source Files</Filter>
    </ClCompile>
    <ClCompile Include="NiD3D10PixelFormat.cpp">
      <Filter>Source Files</Filter>
    </ClCompile>
    <ClCompile Include="NiD3D10PixelShader.cpp">
      <Filter>Source Files</Filter>
    </ClCompile>
    <ClCompile Include="NiD3D10RenderedTextureData.cpp">
      <Filter>Source Files</Filter>
    </ClCompile>
    <ClCompile Include="NiD3D10Renderer.cpp">
      <Filter>Source Files</Filter>
    </ClCompile>
    <ClCompile Include="NiD3D10RendererPCH.cpp">
      <Filter>Source Files</Filter>
    </ClCompile>
    <ClCompile Include="NiD3D10RendererSDM.cpp">
      <Filter>Source Files</Filter>
    </ClCompile>
    <ClCompile Include="NiD3D10RenderStateGroup.cpp">
      <Filter>Source Files</Filter>
    </ClCompile>
    <ClCompile Include="NiD3D10RenderStateManager.cpp">
      <Filter>Source Files</Filter>
    </ClCompile>
    <ClCompile Include="NiD3D10ResourceManager.cpp">
      <Filter>Source Files</Filter>
    </ClCompile>
    <ClCompile Include="NiD3D10Shader.cpp">
      <Filter>Source Files</Filter>
    </ClCompile>
    <ClCompile Include="NiD3D10ShaderConstantManager.cpp">
      <Filter>Source Files</Filter>
    </ClCompile>
    <ClCompile Include="NiD3D10ShaderConstantMap.cpp">
      <Filter>Source Files</Filter>
    </ClCompile>
    <ClCompile Include="NiD3D10ShaderFactory.cpp">
      <Filter>Source Files</Filter>
    </ClCompile>
    <ClCompile Include="NiD3D10ShaderInterface.cpp">
      <Filter>Source Files</Filter>
    </ClCompile>
    <ClCompile Include="NiD3D10ShaderLibrary.cpp">
      <Filter>Source Files</Filter>
    </ClCompile>
    <ClCompile Include="NiD3D10ShaderProgram.cpp">
      <Filter>Source Files</Filter>
    </ClCompile>
    <ClCompile Include="NiD3D10ShaderProgramCreatorHLSL.cpp">
      <Filter>Source Files</Filter>
    </ClCompile>
    <ClCompile Include="NiD3D10ShaderProgramFactory.cpp">
      <Filter>Source Files</Filter>
    </ClCompile>
    <ClCompile Include="NiD3D10ShadowWriteShader.cpp">
      <Filter>Source Files</Filter>
    </ClCompile>
    <ClCompile Include="NiD3D10SourceTextureData.cpp">
      <Filter>Source Files</Filter>
    </ClCompile>
    <ClCompile Include="NiD3D10SystemDesc.cpp">
      <Filter>Source Files</Filter>
    </ClCompile>
    <ClCompile Include="NiD3D10TextureData.cpp">
      <Filter>Source Files</Filter>
    </ClCompile>
    <ClCompile Include="NiD3D10Utility.cpp">
      <Filter>Source Files</Filter>
    </ClCompile>
    <ClCompile Include="NiD3D10VertexShader.cpp">
      <Filter>Source Files</Filter>
    </ClCompile>
    <ClCompile Include="NiD3D102DBufferData.cpp">
      <Filter>Source Files</Filter>
    </ClCompile>
  </ItemGroup>
  <ItemGroup>
    <ClInclude Include="NiCubeMapDepthStencilBuffer.h">
      <Filter>Header Files</Filter>
    </ClInclude>
    <ClInclude Include="NiD3D10DataStream.h">
      <Filter>Header Files</Filter>
    </ClInclude>
    <ClInclude Include="NiD3D10DataStreamFactory.h">
      <Filter>Header Files</Filter>
    </ClInclude>
    <ClInclude Include="NiD3D10DeviceState.h">
      <Filter>Header Files</Filter>
    </ClInclude>
    <ClInclude Include="NiD3D10Direct3DTexture.h">
      <Filter>Header Files</Filter>
    </ClInclude>
    <ClInclude Include="NiD3D10Direct3DTextureData.h">
      <Filter>Header Files</Filter>
    </ClInclude>
    <ClInclude Include="NiD3D10DynamicTextureData.h">
      <Filter>Header Files</Filter>
    </ClInclude>
    <ClInclude Include="NiD3D10Error.h">
      <Filter>Header Files</Filter>
    </ClInclude>
    <ClInclude Include="NiD3D10ErrorShader.h">
      <Filter>Header Files</Filter>
    </ClInclude>
    <ClInclude Include="NiD3D10FragmentShader.h">
      <Filter>Header Files</Filter>
    </ClInclude>
    <ClInclude Include="NiD3D10GeometryShader.h">
      <Filter>Header Files</Filter>
    </ClInclude>
    <ClInclude Include="NiD3D10GPUProgramCache.h">
      <Filter>Header Files</Filter>
    </ClInclude>
    <ClInclude Include="NiD3D10Headers.h">
      <Filter>Header Files</Filter>
    </ClInclude>
    <ClInclude Include="NiD3D10MeshMaterialBinding.h">
      <Filter>Header Files</Filter>
    </ClInclude>
    <ClInclude Include="NiD3D10Pass.h">
      <Filter>Header Files</Filter>
    </ClInclude>
    <ClInclude Include="NiD3D10PersistentSrcTextureRendererData.h">
      <Filter>Header Files</Filter>
    </ClInclude>
    <ClInclude Include="NiD3D10PixelFormat.h">
      <Filter>Header Files</Filter>
    </ClInclude>
    <ClInclude Include="NiD3D10PixelShader.h">
      <Filter>Header Files</Filter>
    </ClInclude>
    <ClInclude Include="NiD3D10RenderedTextureData.h">
      <Filter>Header Files</Filter>
    </ClInclude>
    <ClInclude Include="NiD3D10Renderer.h">
      <Filter>Header Files</Filter>
    </ClInclude>
    <ClInclude Include="NiD3D10RendererLibType.h">
      <Filter>Header Files</Filter>
    </ClInclude>
    <ClInclude Include="NiD3D10RendererPCH.h">
      <Filter>Header Files</Filter>
    </ClInclude>
    <ClInclude Include="NiD3D10RendererSDM.h">
      <Filter>Header Files</Filter>
    </ClInclude>
    <ClInclude Include="NiD3D10RenderStateGroup.h">
      <Filter>Header Files</Filter>
    </ClInclude>
    <ClInclude Include="NiD3D10RenderStateManager.h">
      <Filter>Header Files</Filter>
    </ClInclude>
    <ClInclude Include="NiD3D10ResourceManager.h">
      <Filter>Header Files</Filter>
    </ClInclude>
    <ClInclude Include="NiD3D10Shader.h">
      <Filter>Header Files</Filter>
    </ClInclude>
    <ClInclude Include="NiD3D10ShaderConstantManager.h">
      <Filter>Header Files</Filter>
    </ClInclude>
    <ClInclude Include="NiD3D10ShaderConstantMap.h">
      <Filter>Header Files</Filter>
    </ClInclude>
    <ClInclude Include="NiD3D10ShaderFactory.h">
      <Filter>Header Files</Filter>
    </ClInclude>
    <ClInclude Include="NiD3D10ShaderInterface.h">
      <Filter>Header Files</Filter>
    </ClInclude>
    <ClInclude Include="NiD3D10ShaderLibrary.h">
      <Filter>Header Files</Filter>
    </ClInclude>
    <ClInclude Include="NiD3D10ShaderLibraryInterface.h">
      <Filter>Header Files</Filter>
    </ClInclude>
    <ClInclude Include="NiD3D10ShaderLibraryVersion.h">
      <Filter>Header Files</Filter>
    </ClInclude>
    <ClInclude Include="NiD3D10ShaderProgram.h">
      <Filter>Header Files</Filter>
    </ClInclude>
    <ClInclude Include="NiD3D10ShaderProgramCreator.h">
      <Filter>Header Files</Filter>
    </ClInclude>
    <ClInclude Include="NiD3D10ShaderProgramCreatorHLSL.h">
      <Filter>Header Files</Filter>
    </ClInclude>
    <ClInclude Include="NiD3D10ShaderProgramFactory.h">
      <Filter>Header Files</Filter>
    </ClInclude>
    <ClInclude Include="NiD3D10ShadowWriteShader.h">
      <Filter>Header Files</Filter>
    </ClInclude>
    <ClInclude Include="NiD3D10SourceTextureData.h">
      <Filter>Header Files</Filter>
    </ClInclude>
    <ClInclude Include="NiD3D10SystemDesc.h">
      <Filter>Header Files</Filter>
    </ClInclude>
    <ClInclude Include="NiD3D10TextureData.h">
      <Filter>Header Files</Filter>
    </ClInclude>
    <ClInclude Include="NiD3D10Utility.h">
      <Filter>Header Files</Filter>
    </ClInclude>
    <ClInclude Include="NiD3D10VertexShader.h">
      <Filter>Header Files</Filter>
    </ClInclude>
    <ClInclude Include="NiD3D102DBufferData.h">
      <Filter>Header Files</Filter>
    </ClInclude>
  </ItemGroup>
  <ItemGroup>
    <None Include="NiD3D10DataStream.inl">
      <Filter>Header Files</Filter>
    </None>
    <None Include="NiD3D10DeviceState.inl">
      <Filter>Header Files</Filter>
    </None>
    <None Include="NiD3D10Direct3DTexture.inl">
      <Filter>Header Files</Filter>
    </None>
    <None Include="NiD3D10DynamicTextureData.inl">
      <Filter>Header Files</Filter>
    </None>
    <None Include="NiD3D10GeometryShader.inl">
      <Filter>Header Files</Filter>
    </None>
    <None Include="NiD3D10MeshMaterialBinding.inl">
      <Filter>Header Files</Filter>
    </None>
    <None Include="NiD3D10Pass.inl">
      <Filter>Header Files</Filter>
    </None>
    <None Include="NiD3D10PixelShader.inl">
      <Filter>Header Files</Filter>
    </None>
    <None Include="NiD3D10Renderer.inl">
      <Filter>Header Files</Filter>
    </None>
    <None Include="NiD3D10RenderStateGroup.inl">
      <Filter>Header Files</Filter>
    </None>
    <None Include="NiD3D10RenderStateManager.inl">
      <Filter>Header Files</Filter>
    </None>
    <None Include="NiD3D10Shader.inl">
      <Filter>Header Files</Filter>
    </None>
    <None Include="NiD3D10ShaderConstantManager.inl">
      <Filter>Header Files</Filter>
    </None>
    <None Include="NiD3D10ShaderConstantMap.inl">
      <Filter>Header Files</Filter>
    </None>
    <None Include="NiD3D10ShaderFactory.inl">
      <Filter>Header Files</Filter>
    </None>
    <None Include="NiD3D10ShaderLibraryVersion.inl">
      <Filter>Header Files</Filter>
    </None>
    <None Include="NiD3D10ShaderProgram.inl">
      <Filter>Header Files</Filter>
    </None>
    <None Include="NiD3D10ShaderProgramCreator.inl">
      <Filter>Header Files</Filter>
    </None>
    <None Include="NiD3D10ShaderProgramFactory.inl">
      <Filter>Header Files</Filter>
    </None>
    <None Include="NiD3D10ShadowWriteShader.inl">
      <Filter>Header Files</Filter>
    </None>
    <None Include="NiD3D10TextureData.inl">
      <Filter>Header Files</Filter>
    </None>
    <None Include="NiD3D102DBufferData.inl">
      <Filter>Header Files</Filter>
    </None>
  </ItemGroup>
</Project>