<?xml version="1.0" encoding="utf-8"?>
<Project ToolsVersion="4.0" xmlns="http://schemas.microsoft.com/developer/msbuild/2003">
  <ItemGroup>
    <Filter Include="Source Files">
      <UniqueIdentifier>{4FC737F1-C7A5-4376-A066-2A32D752A2FF}</UniqueIdentifier>
      <Extensions>cpp;c;cc;cxx;c++;cppm;ixx;def;odl;idl;hpj;bat;asm;asmx</Extensions>
    </Filter>
    <Filter Include="Header Files">
      <UniqueIdentifier>{93995380-89BD-4b04-88EB-625FBE52EBFB}</UniqueIdentifier>
      <Extensions>h;hh;hpp;hxx;h++;hm;inl;inc;ipp;xsd</Extensions>
    </Filter>
    <Filter Include="Resource Files">
      <UniqueIdentifier>{67DA6AB6-F800-4c08-8B7A-83BB121AAD01}</UniqueIdentifier>
      <Extensions>rc;ico;cur;bmp;dlg;rc2;rct;bin;rgs;gif;jpg;jpeg;jpe;resx;tiff;tif;png;wav;mfcribbon-ms</Extensions>
    </Filter>
  </ItemGroup>
  <ItemGroup>
    <ClCompile Include="NiApplication.cpp">
      <Filter>Source Files</Filter>
    </ClCompile>
    <ClCompile Include="NiApplication_Win32.cpp">
      <Filter>Source Files</Filter>
    </ClCompile>
    <ClCompile Include="NiApplicationMetrics.cpp">
      <Filter>Source Files</Filter>
    </ClCompile>
    <ClCompile Include="NiApplicationPCH.cpp">
      <Filter>Source Files</Filter>
    </ClCompile>
    <ClCompile Include="NiAppMain.cpp">
      <Filter>Source Files</Filter>
    </ClCompile>
    <ClCompile Include="NiAppWindow.cpp">
      <Filter>Source Files</Filter>
    </ClCompile>
    <ClCompile Include="NiBaseRendererOptionsView.cpp">
      <Filter>Source Files</Filter>
    </ClCompile>
    <ClCompile Include="NiCommand.cpp">
      <Filter>Source Files</Filter>
    </ClCompile>
    <ClCompile Include="NiDX9RendererDesc.cpp">
      <Filter>Source Files</Filter>
    </ClCompile>
    <ClCompile Include="NiFrameRate.cpp">
      <Filter>Source Files</Filter>
    </ClCompile>
    <ClCompile Include="NiRendererSettings.cpp">
      <Filter>Source Files</Filter>
    </ClCompile>
    <ClCompile Include="NiRendererTabController.cpp">
      <Filter>Source Files</Filter>
    </ClCompile>
    <ClCompile Include="NiSettingsDialog.cpp">
      <Filter>Source Files</Filter>
    </ClCompile>
    <ClCompile Include="NiTurret.cpp">
      <Filter>Source Files</Filter>
    </ClCompile>
  </ItemGroup>
  <ItemGroup>
    <ClInclude Include="NiApplication.h">
      <Filter>Header Files</Filter>
    </ClInclude>
    <ClInclude Include="NiApplicationMetrics.h">
      <Filter>Header Files</Filter>
    </ClInclude>
    <ClInclude Include="NiApplicationPCH.h">
      <Filter>Header Files</Filter>
    </ClInclude>
    <ClInclude Include="NiAppWindow.h">
      <Filter>Header Files</Filter>
    </ClInclude>
    <ClInclude Include="NiBaseRendererDesc.h">
      <Filter>Header Files</Filter>
    </ClInclude>
    <ClInclude Include="NiBaseRendererOptionsView.h">
      <Filter>Header Files</Filter>
    </ClInclude>
    <ClInclude Include="NiBaseTabController.h">
      <Filter>Header Files</Filter>
    </ClInclude>
    <ClInclude Include="NiCommand.h">
      <Filter>Header Files</Filter>
    </ClInclude>
    <ClInclude Include="NiDX9RendererDesc.h">
      <Filter>Header Files</Filter>
    </ClInclude>
    <ClInclude Include="NiDX9RendererOptionsView.h">
      <Filter>Header Files</Filter>
    </ClInclude>
    <ClInclude Include="NiFrameRate.h">
      <Filter>Header Files</Filter>
    </ClInclude>
    <ClInclude Include="NiRendererSettings.h">
      <Filter>Header Files</Filter>
    </ClInclude>
    <ClInclude Include="NiRendererTabController.h">
      <Filter>Header Files</Filter>
    </ClInclude>
    <ClInclude Include="NiSettingsDialog.h">
      <Filter>Header Files</Filter>
    </ClInclude>
    <ClInclude Include="NiTurret.h">
      <Filter>Header Files</Filter>
    </ClInclude>
    <ClInclude Include="NiApplicationLibType.h">
      <Filter>Header Files</Filter>
    </ClInclude>
  </ItemGroup>
  <ItemGroup>
    <None Include="NiApplication.inl">
      <Filter>Header Files</Filter>
    </None>
    <None Include="NiApplicationResource.hrc" />
    <None Include="NiAppWindow.inl">
      <Filter>Header Files</Filter>
    </None>
    <None Include="NiBaseRendererDesc.inl">
      <Filter>Header Files</Filter>
    </None>
    <None Include="NiBaseRendererOptionsView.inl">
      <Filter>Header Files</Filter>
    </None>
    <None Include="NiBaseTabController.inl">
      <Filter>Header Files</Filter>
    </None>
    <None Include="NiDX9RendererDesc.inl">
      <Filter>Header Files</Filter>
    </None>
    <None Include="NiDX9RendererOptionsView.inl">
      <Filter>Header Files</Filter>
    </None>
    <None Include="NiFrameRate.inl">
      <Filter>Header Files</Filter>
    </None>
    <None Include="NiRendererSettings.inl">
      <Filter>Header Files</Filter>
    </None>
    <None Include="NiRendererTabController.inl">
      <Filter>Header Files</Filter>
    </None>
    <None Include="NiSettingsDialog.inl">
      <Filter>Header Files</Filter>
    </None>
  </ItemGroup>
  <ItemGroup>
    <ResourceCompile Include="NiApplicationResource.rc">
      <Filter>Resource Files</Filter>
    </ResourceCompile>
  </ItemGroup>
</Project>