<?xml version="1.0" encoding="utf-8"?>
<Project ToolsVersion="4.0" xmlns="http://schemas.microsoft.com/developer/msbuild/2003">
  <ItemGroup>
    <Filter Include="Source Files">
      <UniqueIdentifier>{4FC737F1-C7A5-4376-A066-2A32D752A2FF}</UniqueIdentifier>
      <Extensions>cpp;c;cc;cxx;c++;cppm;ixx;def;odl;idl;hpj;bat;asm;asmx</Extensions>
    </Filter>
    <Filter Include="Header Files">
      <UniqueIdentifier>{93995380-89BD-4b04-88EB-625FBE52EBFB}</UniqueIdentifier>
      <Extensions>h;hh;hpp;hxx;h++;hm;inl;inc;ipp;xsd</Extensions>
    </Filter>
    <Filter Include="Resource Files">
      <UniqueIdentifier>{67DA6AB6-F800-4c08-8B7A-83BB121AAD01}</UniqueIdentifier>
      <Extensions>rc;ico;cur;bmp;dlg;rc2;rct;bin;rgs;gif;jpg;jpeg;jpe;resx;tiff;tif;png;wav;mfcribbon-ms</Extensions>
    </Filter>
  </ItemGroup>
  <ItemGroup>
    <ClCompile Include="NiBatchedUpdateProcess.cpp">
      <Filter>Source Files</Filter>
    </ClCompile>
    <ClCompile Include="NiDataStream.cpp">
      <Filter>Source Files</Filter>
    </ClCompile>
    <ClCompile Include="NiDataStreamElement.cpp">
      <Filter>Source Files</Filter>
    </ClCompile>
    <ClCompile Include="NiDataStreamElementLock.cpp">
      <Filter>Source Files</Filter>
    </ClCompile>
    <ClCompile Include="NiDataStreamFactory.cpp">
      <Filter>Source Files</Filter>
    </ClCompile>
    <ClCompile Include="NiDataStreamPrimitiveLock.cpp">
      <Filter>Source Files</Filter>
    </ClCompile>
    <ClCompile Include="NiDataStreamRef.cpp">
      <Filter>Source Files</Filter>
    </ClCompile>
    <ClCompile Include="NiGeometryConverter.cpp">
      <Filter>Source Files</Filter>
    </ClCompile>
    <ClCompile Include="NiImmediateModeAdapter.cpp">
      <Filter>Source Files</Filter>
    </ClCompile>
    <ClCompile Include="NiImmediateModeMacro.cpp">
      <Filter>Source Files</Filter>
    </ClCompile>
    <ClCompile Include="NiInstancingMeshModifier.cpp">
      <Filter>Source Files</Filter>
    </ClCompile>
    <ClCompile Include="NiInstancingUtilities.cpp">
      <Filter>Source Files</Filter>
    </ClCompile>
    <ClCompile Include="NiMesh.cpp">
      <Filter>Source Files</Filter>
    </ClCompile>
    <ClCompile Include="NiMesh2DRenderView.cpp">
      <Filter>Source Files</Filter>
    </ClCompile>
    <ClCompile Include="NiMeshCullingProcess.cpp">
      <Filter>Source Files</Filter>
    </ClCompile>
    <ClCompile Include="NiMeshHWInstance.cpp">
      <Filter>Source Files</Filter>
    </ClCompile>
    <ClCompile Include="NiMeshMaterialBinding.cpp">
      <Filter>Source Files</Filter>
    </ClCompile>
    <ClCompile Include="NiMeshModifier.cpp">
      <Filter>Source Files</Filter>
    </ClCompile>
    <ClCompile Include="NiMeshPCH.cpp">
      <Filter>Source Files</Filter>
    </ClCompile>
    <ClCompile Include="NiMeshRequirements.cpp">
      <Filter>Source Files</Filter>
    </ClCompile>
    <ClCompile Include="NiMeshScreenElements.cpp">
      <Filter>Source Files</Filter>
    </ClCompile>
    <ClCompile Include="NiMeshSDM.cpp">
      <Filter>Source Files</Filter>
    </ClCompile>
    <ClCompile Include="NiMeshUpdateProcess.cpp">
      <Filter>Source Files</Filter>
    </ClCompile>
    <ClCompile Include="NiMeshUtilities.cpp">
      <Filter>Source Files</Filter>
    </ClCompile>
    <ClCompile Include="NiMeshVertexOperators.cpp">
      <Filter>Source Files</Filter>
    </ClCompile>
    <ClCompile Include="NiMorphMeshModifier.cpp">
      <Filter>Source Files</Filter>
    </ClCompile>
    <ClCompile Include="NiScreenFillingRenderViewImpl.cpp">
      <Filter>Source Files</Filter>
    </ClCompile>
    <ClCompile Include="NiSkinningMeshModifier.cpp">
      <Filter>Source Files</Filter>
    </ClCompile>
    <ClCompile Include="NiToolDataStream.cpp">
      <Filter>Source Files</Filter>
    </ClCompile>
    <ClCompile Include="Kernels\NiCalculateBoneMatricesKernel\NiCalculateBoneMatricesKernel.cpp">
      <Filter>Source Files</Filter>
    </ClCompile>
    <ClCompile Include="Kernels\NiInstanceCullingKernel\NiInstanceCullingKernel.cpp">
      <Filter>Source Files</Filter>
    </ClCompile>
    <ClCompile Include="Kernels\NiMorphingKernel\NiMorphingKernel.cpp">
      <Filter>Source Files</Filter>
    </ClCompile>
    <ClCompile Include="Kernels\NiSkinningKernelP\NiSkinningKernelP.cpp">
      <Filter>Source Files</Filter>
    </ClCompile>
    <ClCompile Include="Kernels\NiSkinningKernelPN16\NiSkinningKernelPN16.cpp">
      <Filter>Source Files</Filter>
    </ClCompile>
    <ClCompile Include="Kernels\NiSkinningKernelPN32\NiSkinningKernelPN32.cpp">
      <Filter>Source Files</Filter>
    </ClCompile>
    <ClCompile Include="Kernels\NiSkinningKernelPNBT16\NiSkinningKernelPNBT16.cpp">
      <Filter>Source Files</Filter>
    </ClCompile>
    <ClCompile Include="Kernels\NiSkinningKernelPNBT32\NiSkinningKernelPNBT32.cpp">
      <Filter>Source Files</Filter>
    </ClCompile>
  </ItemGroup>
  <ItemGroup>
    <ClInclude Include="NiBatchedUpdateProcess.h">
      <Filter>Header Files</Filter>
    </ClInclude>
    <ClInclude Include="NiDataStream.h">
      <Filter>Header Files</Filter>
    </ClInclude>
    <ClInclude Include="NiDataStreamElement.h">
      <Filter>Header Files</Filter>
    </ClInclude>
    <ClInclude Include="NiDataStreamElementLock.h">
      <Filter>Header Files</Filter>
    </ClInclude>
    <ClInclude Include="NiDataStreamFactory.h">
      <Filter>Header Files</Filter>
    </ClInclude>
    <ClInclude Include="NiDataStreamLock.h">
      <Filter>Header Files</Filter>
    </ClInclude>
    <ClInclude Include="NiDataStreamLockPolicy.h">
      <Filter>Header Files</Filter>
    </ClInclude>
    <ClInclude Include="NiDataStreamPrimitiveLock.h">
      <Filter>Header Files</Filter>
    </ClInclude>
    <ClInclude Include="NiDataStreamRef.h">
      <Filter>Header Files</Filter>
    </ClInclude>
    <ClInclude Include="NiGeometryConverter.h">
      <Filter>Header Files</Filter>
    </ClInclude>
    <ClInclude Include="NiImmediateModeAdapter.h">
      <Filter>Header Files</Filter>
    </ClInclude>
    <ClInclude Include="NiImmediateModeMacro.h">
      <Filter>Header Files</Filter>
    </ClInclude>
    <ClInclude Include="NiInstancingMeshModifier.h">
      <Filter>Header Files</Filter>
    </ClInclude>
    <ClInclude Include="NiInstancingUtilities.h">
      <Filter>Header Files</Filter>
    </ClInclude>
    <ClInclude Include="NiMatrix3x4.h">
      <Filter>Header Files</Filter>
    </ClInclude>
    <ClInclude Include="NiMesh.h">
      <Filter>Header Files</Filter>
    </ClInclude>
    <ClInclude Include="NiMesh2DRenderView.h">
      <Filter>Header Files</Filter>
    </ClInclude>
    <ClInclude Include="NiMeshAlgorithms.h">
      <Filter>Header Files</Filter>
    </ClInclude>
    <ClInclude Include="NiMeshCullingProcess.h">
      <Filter>Header Files</Filter>
    </ClInclude>
    <ClInclude Include="NiMeshErrorInterface.h">
      <Filter>Header Files</Filter>
    </ClInclude>
    <ClInclude Include="NiMeshHWInstance.h">
      <Filter>Header Files</Filter>
    </ClInclude>
    <ClInclude Include="NiMeshLib.h">
      <Filter>Header Files</Filter>
    </ClInclude>
    <ClInclude Include="NiMeshLibType.h">
      <Filter>Header Files</Filter>
    </ClInclude>
    <ClInclude Include="NiMeshMaterialBinding.h">
      <Filter>Header Files</Filter>
    </ClInclude>
    <ClInclude Include="NiMeshModifier.h">
      <Filter>Header Files</Filter>
    </ClInclude>
    <ClInclude Include="NiMeshPCH.h">
      <Filter>Header Files</Filter>
    </ClInclude>
    <ClInclude Include="NiMeshRequirements.h">
      <Filter>Header Files</Filter>
    </ClInclude>
    <ClInclude Include="NiMeshScreenElements.h">
      <Filter>Header Files</Filter>
    </ClInclude>
    <ClInclude Include="NiMeshSDM.h">
      <Filter>Header Files</Filter>
    </ClInclude>
    <ClInclude Include="NiMeshUpdateProcess.h">
      <Filter>Header Files</Filter>
    </ClInclude>
    <ClInclude Include="NiMeshUtilities.h">
      <Filter>Header Files</Filter>
    </ClInclude>
    <ClInclude Include="NiMeshVertexOperators.h">
      <Filter>Header Files</Filter>
    </ClInclude>
    <ClInclude Include="NiMorphingKernelData.h">
      <Filter>Header Files</Filter>
    </ClInclude>
    <ClInclude Include="NiMorphMeshModifier.h">
      <Filter>Header Files</Filter>
    </ClInclude>
    <ClInclude Include="NiScreenFillingRenderViewImpl.h">
      <Filter>Header Files</Filter>
    </ClInclude>
    <ClInclude Include="NiSkinningKernel.h">
      <Filter>Header Files</Filter>
    </ClInclude>
    <ClInclude Include="NiSkinningKernelData.h">
      <Filter>Header Files</Filter>
    </ClInclude>
    <ClInclude Include="NiSkinningMeshModifier.h">
      <Filter>Header Files</Filter>
    </ClInclude>
    <ClInclude Include="NiTIndexGenerationIterator.h">
      <Filter>Header Files</Filter>
    </ClInclude>
    <ClInclude Include="NiToolDataStream.h">
      <Filter>Header Files</Filter>
    </ClInclude>
    <ClInclude Include="NiTPrimitiveRandomAccessIterator.h">
      <Filter>Header Files</Filter>
    </ClInclude>
    <ClInclude Include="NiTSimpleArray.h">
      <Filter>Header Files</Filter>
    </ClInclude>
    <ClInclude Include="NiTStridedRandomAccessIterator.h">
      <Filter>Header Files</Filter>
    </ClInclude>
    <ClInclude Include="Kernels\NiCalculateBoneMatricesKernel\NiCalculateBoneMatricesKernel.h">
      <Filter>Header Files</Filter>
    </ClInclude>
    <ClInclude Include="Kernels\NiInstanceCullingKernel\NiInstanceCullingKernel.h">
      <Filter>Header Files</Filter>
    </ClInclude>
    <ClInclude Include="Kernels\NiMorphingKernel\NiMorphingKernel.h">
      <Filter>Header Files</Filter>
    </ClInclude>
    <ClInclude Include="Kernels\NiSkinningKernelP\NiSkinningKernelP.h">
      <Filter>Header Files</Filter>
    </ClInclude>
    <ClInclude Include="Kernels\NiSkinningKernelPN16\NiSkinningKernelPN16.h">
      <Filter>Header Files</Filter>
    </ClInclude>
    <ClInclude Include="Kernels\NiSkinningKernelPN32\NiSkinningKernelPN32.h">
      <Filter>Header Files</Filter>
    </ClInclude>
    <ClInclude Include="Kernels\NiSkinningKernelPNBT16\NiSkinningKernelPNBT16.h">
      <Filter>Header Files</Filter>
    </ClInclude>
    <ClInclude Include="Kernels\NiSkinningKernelPNBT32\NiSkinningKernelPNBT32.h">
      <Filter>Header Files</Filter>
    </ClInclude>
  </ItemGroup>
  <ItemGroup>
    <None Include="NiDataStream.inl">
      <Filter>Header Files</Filter>
    </None>
    <None Include="NiDataStreamElement.inl">
      <Filter>Header Files</Filter>
    </None>
    <None Include="NiDataStreamElementLock.inl">
      <Filter>Header Files</Filter>
    </None>
    <None Include="NiDataStreamLock.inl">
      <Filter>Header Files</Filter>
    </None>
    <None Include="NiDataStreamLockPolicy.inl">
      <Filter>Header Files</Filter>
    </None>
    <None Include="NiDataStreamPrimitiveLock.inl">
      <Filter>Header Files</Filter>
    </None>
    <None Include="NiDataStreamRef.inl">
      <Filter>Header Files</Filter>
    </None>
    <None Include="NiGeometryConverter.inl">
      <Filter>Header Files</Filter>
    </None>
    <None Include="NiImmediateModeAdapter.inl">
      <Filter>Header Files</Filter>
    </None>
    <None Include="NiImmediateModeMacro.inl">
      <Filter>Header Files</Filter>
    </None>
    <None Include="NiInstancingMeshModifier.inl">
      <Filter>Header Files</Filter>
    </None>
    <None Include="NiInstancingUtilities.inl">
      <Filter>Header Files</Filter>
    </None>
    <None Include="NiMatrix3x4.inl">
      <Filter>Header Files</Filter>
    </None>
    <None Include="NiMesh.inl">
      <Filter>Header Files</Filter>
    </None>
    <None Include="NiMesh2DRenderView.inl">
      <Filter>Header Files</Filter>
    </None>
    <None Include="NiMeshAlgorithms.inl">
      <Filter>Header Files</Filter>
    </None>
    <None Include="NiMeshMaterialBinding.inl">
      <Filter>Header Files</Filter>
    </None>
    <None Include="NiMeshModifier.inl">
      <Filter>Header Files</Filter>
    </None>
    <None Include="NiMeshRequirements.inl">
      <Filter>Header Files</Filter>
    </None>
    <None Include="NiMeshScreenElements.inl">
      <Filter>Header Files</Filter>
    </None>
    <None Include="NiMeshUpdateProcess.inl">
      <Filter>Header Files</Filter>
    </None>
    <None Include="NiMeshUtilities.inl">
      <Filter>Header Files</Filter>
    </None>
    <None Include="NiMeshVertexOperators.inl">
      <Filter>Header Files</Filter>
    </None>
    <None Include="NiMorphMeshModifier.inl">
      <Filter>Header Files</Filter>
    </None>
    <None Include="NiScreenFillingRenderViewImpl.inl">
      <Filter>Header Files</Filter>
    </None>
    <None Include="NiSkinningMeshModifier.inl">
      <Filter>Header Files</Filter>
    </None>
    <None Include="NiTIndexGenerationIterator.inl">
      <Filter>Header Files</Filter>
    </None>
    <None Include="NiTPrimitiveRandomAccessIterator.inl">
      <Filter>Header Files</Filter>
    </None>
    <None Include="NiTSimpleArray.inl">
      <Filter>Header Files</Filter>
    </None>
    <None Include="NiTStridedRandomAccessIterator.inl">
      <Filter>Header Files</Filter>
    </None>
  </ItemGroup>
</Project>